// !$*UTF8*$!
{
	archiveVersion = 1;
	classes = {
	};
	objectVersion = 46;
	objects = {

/* Begin PBXBuildFile section */
		5AC7397B1A7A5E82008F9270 /* OscFunctionLibrary.cpp in Sources */ = {isa = PBXBuildFile; fileRef = 5AC739611A7A5E82008F9270 /* OscFunctionLibrary.cpp */; };
		5AC7397C1A7A5E82008F9270 /* OscOutboundPacketStream.cpp in Sources */ = {isa = PBXBuildFile; fileRef = 5AC739671A7A5E82008F9270 /* OscOutboundPacketStream.cpp */; };
		5AC7397D1A7A5E82008F9270 /* OscReceivedElements.cpp in Sources */ = {isa = PBXBuildFile; fileRef = 5AC739691A7A5E82008F9270 /* OscReceivedElements.cpp */; };
		5AC7397E1A7A5E82008F9270 /* OscTypes.cpp in Sources */ = {isa = PBXBuildFile; fileRef = 5AC7396B1A7A5E82008F9270 /* OscTypes.cpp */; };
		5AC7397F1A7A5E82008F9270 /* OscModule.cpp in Sources */ = {isa = PBXBuildFile; fileRef = 5AC7396E1A7A5E82008F9270 /* OscModule.cpp */; };
		5AC739801A7A5E82008F9270 /* OscSettings.cpp in Sources */ = {isa = PBXBuildFile; fileRef = 5AC739701A7A5E82008F9270 /* OscSettings.cpp */; };
		5AC739811A7A5E82008F9270 /* OscDispatcher.cpp in Sources */ = {isa = PBXBuildFile; fileRef = 5AC739731A7A5E82008F9270 /* OscDispatcher.cpp */; };
		5AC739821A7A5E82008F9270 /* OscReceiverActor.cpp in Sources */ = {isa = PBXBuildFile; fileRef = 5AC739751A7A5E82008F9270 /* OscReceiverActor.cpp */; };
		5AC739831A7A5E82008F9270 /* OscReceiverComponent.cpp in Sources */ = {isa = PBXBuildFile; fileRef = 5AC739771A7A5E82008F9270 /* OscReceiverComponent.cpp */; };
		5AC739841A7A5E82008F9270 /* OscReceiverInterface.cpp in Sources */ = {isa = PBXBuildFile; fileRef = 5AC739791A7A5E82008F9270 /* OscReceiverInterface.cpp */; };
		5ACA87631A90D4F000838B42 /* MyClassTemp.cpp in Sources */ = {isa = PBXBuildFile; fileRef = 5ACA875D1A90D4F000838B42 /* MyClassTemp.cpp */; };
		5ACA87641A90D4F000838B42 /* MyProject7.cpp in Sources */ = {isa = PBXBuildFile; fileRef = 5ACA87601A90D4F000838B42 /* MyProject7.cpp */; };
		A58817B4BFE3EC885169C687 /* XCTest.framework in Frameworks */ = {isa = PBXBuildFile; fileRef = 71691D23B02BEEDBB5650509 /* XCTest.framework */; };
/* End PBXBuildFile section */

/* Begin PBXContainerItemProxy section */
		6857F8EAE30E1EA7348C407F /* PBXContainerItemProxy */ = {
			isa = PBXContainerItemProxy;
			containerPortal = F8EE3A7C52D9DFE2A62935E1 /* Project object */;
			proxyType = 1;
			remoteGlobalIDString = FEEA0ACBF22F717F5CD7FC7F;
			remoteInfo = "MyProject7 - Mac";
		};
/* End PBXContainerItemProxy section */

/* Begin PBXFileReference section */
		15A34CDBDF6AF17442A5BC38 /* MyProject7.uproject */ = {isa = PBXFileReference; lastKnownFileType = file.text; path = MyProject7.uproject; sourceTree = SOURCE_ROOT; };
		5AC739571A7A5E82008F9270 /* OSC.uplugin */ = {isa = PBXFileReference; fileEncoding = 4; lastKnownFileType = text; path = OSC.uplugin; sourceTree = "<group>"; };
		5AC739591A7A5E82008F9270 /* Icon128.png */ = {isa = PBXFileReference; lastKnownFileType = image.png; path = Icon128.png; sourceTree = "<group>"; };
		5AC7395C1A7A5E82008F9270 /* OSC.Build.cs */ = {isa = PBXFileReference; fileEncoding = 4; lastKnownFileType = text; path = OSC.Build.cs; sourceTree = "<group>"; };
		5AC7395F1A7A5E82008F9270 /* OscDataElemStruct.h */ = {isa = PBXFileReference; fileEncoding = 4; lastKnownFileType = sourcecode.c.h; path = OscDataElemStruct.h; sourceTree = "<group>"; };
		5AC739601A7A5E82008F9270 /* OscDataStruct.h */ = {isa = PBXFileReference; fileEncoding = 4; lastKnownFileType = sourcecode.c.h; path = OscDataStruct.h; sourceTree = "<group>"; };
		5AC739611A7A5E82008F9270 /* OscFunctionLibrary.cpp */ = {isa = PBXFileReference; fileEncoding = 4; lastKnownFileType = sourcecode.cpp.cpp; path = OscFunctionLibrary.cpp; sourceTree = "<group>"; };
		5AC739621A7A5E82008F9270 /* OscFunctionLibrary.h */ = {isa = PBXFileReference; fileEncoding = 4; lastKnownFileType = sourcecode.c.h; path = OscFunctionLibrary.h; sourceTree = "<group>"; };
		5AC739651A7A5E82008F9270 /* OscException.h */ = {isa = PBXFileReference; fileEncoding = 4; lastKnownFileType = sourcecode.c.h; path = OscException.h; sourceTree = "<group>"; };
		5AC739661A7A5E82008F9270 /* OscHostEndianness.h */ = {isa = PBXFileReference; fileEncoding = 4; lastKnownFileType = sourcecode.c.h; path = OscHostEndianness.h; sourceTree = "<group>"; };
		5AC739671A7A5E82008F9270 /* OscOutboundPacketStream.cpp */ = {isa = PBXFileReference; fileEncoding = 4; lastKnownFileType = sourcecode.cpp.cpp; path = OscOutboundPacketStream.cpp; sourceTree = "<group>"; };
		5AC739681A7A5E82008F9270 /* OscOutboundPacketStream.h */ = {isa = PBXFileReference; fileEncoding = 4; lastKnownFileType = sourcecode.c.h; path = OscOutboundPacketStream.h; sourceTree = "<group>"; };
		5AC739691A7A5E82008F9270 /* OscReceivedElements.cpp */ = {isa = PBXFileReference; fileEncoding = 4; lastKnownFileType = sourcecode.cpp.cpp; path = OscReceivedElements.cpp; sourceTree = "<group>"; };
		5AC7396A1A7A5E82008F9270 /* OscReceivedElements.h */ = {isa = PBXFileReference; fileEncoding = 4; lastKnownFileType = sourcecode.c.h; path = OscReceivedElements.h; sourceTree = "<group>"; };
		5AC7396B1A7A5E82008F9270 /* OscTypes.cpp */ = {isa = PBXFileReference; fileEncoding = 4; lastKnownFileType = sourcecode.cpp.cpp; path = OscTypes.cpp; sourceTree = "<group>"; };
		5AC7396C1A7A5E82008F9270 /* OscTypes.h */ = {isa = PBXFileReference; fileEncoding = 4; lastKnownFileType = sourcecode.c.h; path = OscTypes.h; sourceTree = "<group>"; };
		5AC7396D1A7A5E82008F9270 /* Osc.h */ = {isa = PBXFileReference; fileEncoding = 4; lastKnownFileType = sourcecode.c.h; path = Osc.h; sourceTree = "<group>"; };
		5AC7396E1A7A5E82008F9270 /* OscModule.cpp */ = {isa = PBXFileReference; fileEncoding = 4; lastKnownFileType = sourcecode.cpp.cpp; path = OscModule.cpp; sourceTree = "<group>"; };
		5AC7396F1A7A5E82008F9270 /* OscPrivatePCH.h */ = {isa = PBXFileReference; fileEncoding = 4; lastKnownFileType = sourcecode.c.h; path = OscPrivatePCH.h; sourceTree = "<group>"; };
		5AC739701A7A5E82008F9270 /* OscSettings.cpp */ = {isa = PBXFileReference; fileEncoding = 4; lastKnownFileType = sourcecode.cpp.cpp; path = OscSettings.cpp; sourceTree = "<group>"; };
		5AC739711A7A5E82008F9270 /* OscSettings.h */ = {isa = PBXFileReference; fileEncoding = 4; lastKnownFileType = sourcecode.c.h; path = OscSettings.h; sourceTree = "<group>"; };
		5AC739731A7A5E82008F9270 /* OscDispatcher.cpp */ = {isa = PBXFileReference; fileEncoding = 4; lastKnownFileType = sourcecode.cpp.cpp; path = OscDispatcher.cpp; sourceTree = "<group>"; };
		5AC739741A7A5E82008F9270 /* OscDispatcher.h */ = {isa = PBXFileReference; fileEncoding = 4; lastKnownFileType = sourcecode.c.h; path = OscDispatcher.h; sourceTree = "<group>"; };
		5AC739751A7A5E82008F9270 /* OscReceiverActor.cpp */ = {isa = PBXFileReference; fileEncoding = 4; lastKnownFileType = sourcecode.cpp.cpp; path = OscReceiverActor.cpp; sourceTree = "<group>"; };
		5AC739761A7A5E82008F9270 /* OscReceiverActor.h */ = {isa = PBXFileReference; fileEncoding = 4; lastKnownFileType = sourcecode.c.h; path = OscReceiverActor.h; sourceTree = "<group>"; };
		5AC739771A7A5E82008F9270 /* OscReceiverComponent.cpp */ = {isa = PBXFileReference; fileEncoding = 4; lastKnownFileType = sourcecode.cpp.cpp; path = OscReceiverComponent.cpp; sourceTree = "<group>"; };
		5AC739781A7A5E82008F9270 /* OscReceiverComponent.h */ = {isa = PBXFileReference; fileEncoding = 4; lastKnownFileType = sourcecode.c.h; path = OscReceiverComponent.h; sourceTree = "<group>"; };
		5AC739791A7A5E82008F9270 /* OscReceiverInterface.cpp */ = {isa = PBXFileReference; fileEncoding = 4; lastKnownFileType = sourcecode.cpp.cpp; path = OscReceiverInterface.cpp; sourceTree = "<group>"; };
		5AC7397A1A7A5E82008F9270 /* OscReceiverInterface.h */ = {isa = PBXFileReference; fileEncoding = 4; lastKnownFileType = sourcecode.c.h; path = OscReceiverInterface.h; sourceTree = "<group>"; };
		5ACA875C1A90D4F000838B42 /* MorphTargetStruct.h */ = {isa = PBXFileReference; fileEncoding = 4; lastKnownFileType = sourcecode.c.h; path = MorphTargetStruct.h; sourceTree = "<group>"; };
		5ACA875D1A90D4F000838B42 /* MyClassTemp.cpp */ = {isa = PBXFileReference; fileEncoding = 4; lastKnownFileType = sourcecode.cpp.cpp; path = MyClassTemp.cpp; sourceTree = "<group>"; };
		5ACA875E1A90D4F000838B42 /* MyClassTemp.h */ = {isa = PBXFileReference; fileEncoding = 4; lastKnownFileType = sourcecode.c.h; path = MyClassTemp.h; sourceTree = "<group>"; };
		5ACA875F1A90D4F000838B42 /* MyProject7.Build.cs */ = {isa = PBXFileReference; fileEncoding = 4; lastKnownFileType = text; path = MyProject7.Build.cs; sourceTree = "<group>"; };
		5ACA87601A90D4F000838B42 /* MyProject7.cpp */ = {isa = PBXFileReference; fileEncoding = 4; lastKnownFileType = sourcecode.cpp.cpp; path = MyProject7.cpp; sourceTree = "<group>"; };
		5ACA87611A90D4F000838B42 /* MyProject7.h */ = {isa = PBXFileReference; fileEncoding = 4; lastKnownFileType = sourcecode.c.h; path = MyProject7.h; sourceTree = "<group>"; };
		71691D23B02BEEDBB5650509 /* XCTest.framework */ = {isa = PBXFileReference; lastKnownFileType = wrapper.framework; name = XCTest.framework; path = Library/Frameworks/XCTest.framework; sourceTree = DEVELOPER_DIR; };
		74E195EBBEEA5EFC93AC001F /* libUE4XcodeHelper.a */ = {isa = PBXFileReference; explicitFileType = archive.ar; includeInIndex = 0; path = libUE4XcodeHelper.a; sourceTree = BUILT_PRODUCTS_DIR; };
		9F2433E3DDF5735319F1FD5F /* UE4CmdLineRun.xctest */ = {isa = PBXFileReference; explicitFileType = wrapper.cfbundle; includeInIndex = 0; path = UE4CmdLineRun.xctest; sourceTree = BUILT_PRODUCTS_DIR; };
		A5628470F317DFBC0AC94CF2 /* OpenGLES.framework */ = {isa = PBXFileReference; lastKnownFileType = wrapper.framework; name = OpenGLES.framework; path = System/Library/Frameworks/OpenGLES.framework; sourceTree = SDKROOT; };
		C12804AC350EC6F717FBAA24 /* MyProject7.app */ = {isa = PBXFileReference; explicitFileType = wrapper.application; includeInIndex = 0; path = MyProject7.app; sourceTree = BUILT_PRODUCTS_DIR; };
/* End PBXFileReference section */

/* Begin PBXFrameworksBuildPhase section */
		0CEFAB5A1899CC75420A1B8D /* Frameworks */ = {
			isa = PBXFrameworksBuildPhase;
			buildActionMask = 2147483647;
			files = (
			);
			runOnlyForDeploymentPostprocessing = 0;
		};
		D711B1FC4DEE60CF3FB6188C /* Frameworks */ = {
			isa = PBXFrameworksBuildPhase;
			buildActionMask = 2147483647;
			files = (
			);
			runOnlyForDeploymentPostprocessing = 0;
		};
		E21DA3825FF65243B4288416 /* Frameworks */ = {
			isa = PBXFrameworksBuildPhase;
			buildActionMask = 2147483647;
			files = (
				A58817B4BFE3EC885169C687 /* XCTest.framework in Frameworks */,
			);
			runOnlyForDeploymentPostprocessing = 0;
		};
/* End PBXFrameworksBuildPhase section */

/* Begin PBXGroup section */
		5AC7392B1A7A5C6A008F9270 /* Plugins */ = {
			isa = PBXGroup;
			children = (
				5AC739561A7A5E82008F9270 /* OSC */,
			);
			name = Plugins;
			sourceTree = "<group>";
		};
		5AC739561A7A5E82008F9270 /* OSC */ = {
			isa = PBXGroup;
			children = (
				5AC739571A7A5E82008F9270 /* OSC.uplugin */,
				5AC739581A7A5E82008F9270 /* Resources */,
				5AC7395A1A7A5E82008F9270 /* Source */,
			);
			name = OSC;
			path = Plugins/OSC;
			sourceTree = "<group>";
		};
		5AC739581A7A5E82008F9270 /* Resources */ = {
			isa = PBXGroup;
			children = (
				5AC739591A7A5E82008F9270 /* Icon128.png */,
			);
			path = Resources;
			sourceTree = "<group>";
		};
		5AC7395A1A7A5E82008F9270 /* Source */ = {
			isa = PBXGroup;
			children = (
				5AC7395B1A7A5E82008F9270 /* OSC */,
			);
			path = Source;
			sourceTree = "<group>";
		};
		5AC7395B1A7A5E82008F9270 /* OSC */ = {
			isa = PBXGroup;
			children = (
				5AC7395C1A7A5E82008F9270 /* OSC.Build.cs */,
				5AC7395D1A7A5E82008F9270 /* Private */,
			);
			path = OSC;
			sourceTree = "<group>";
		};
		5AC7395D1A7A5E82008F9270 /* Private */ = {
			isa = PBXGroup;
			children = (
				5AC7395E1A7A5E82008F9270 /* Common */,
				5AC7396D1A7A5E82008F9270 /* Osc.h */,
				5AC7396E1A7A5E82008F9270 /* OscModule.cpp */,
				5AC7396F1A7A5E82008F9270 /* OscPrivatePCH.h */,
				5AC739701A7A5E82008F9270 /* OscSettings.cpp */,
				5AC739711A7A5E82008F9270 /* OscSettings.h */,
				5AC739721A7A5E82008F9270 /* Receive */,
			);
			path = Private;
			sourceTree = "<group>";
		};
		5AC7395E1A7A5E82008F9270 /* Common */ = {
			isa = PBXGroup;
			children = (
				5AC7395F1A7A5E82008F9270 /* OscDataElemStruct.h */,
				5AC739601A7A5E82008F9270 /* OscDataStruct.h */,
				5AC739611A7A5E82008F9270 /* OscFunctionLibrary.cpp */,
				5AC739621A7A5E82008F9270 /* OscFunctionLibrary.h */,
				5AC739631A7A5E82008F9270 /* oscpack */,
			);
			path = Common;
			sourceTree = "<group>";
		};
		5AC739631A7A5E82008F9270 /* oscpack */ = {
			isa = PBXGroup;
			children = (
				5AC739641A7A5E82008F9270 /* osc */,
			);
			path = oscpack;
			sourceTree = "<group>";
		};
		5AC739641A7A5E82008F9270 /* osc */ = {
			isa = PBXGroup;
			children = (
				5AC739651A7A5E82008F9270 /* OscException.h */,
				5AC739661A7A5E82008F9270 /* OscHostEndianness.h */,
				5AC739671A7A5E82008F9270 /* OscOutboundPacketStream.cpp */,
				5AC739681A7A5E82008F9270 /* OscOutboundPacketStream.h */,
				5AC739691A7A5E82008F9270 /* OscReceivedElements.cpp */,
				5AC7396A1A7A5E82008F9270 /* OscReceivedElements.h */,
				5AC7396B1A7A5E82008F9270 /* OscTypes.cpp */,
				5AC7396C1A7A5E82008F9270 /* OscTypes.h */,
			);
			path = osc;
			sourceTree = "<group>";
		};
		5AC739721A7A5E82008F9270 /* Receive */ = {
			isa = PBXGroup;
			children = (
				5AC739731A7A5E82008F9270 /* OscDispatcher.cpp */,
				5AC739741A7A5E82008F9270 /* OscDispatcher.h */,
				5AC739751A7A5E82008F9270 /* OscReceiverActor.cpp */,
				5AC739761A7A5E82008F9270 /* OscReceiverActor.h */,
				5AC739771A7A5E82008F9270 /* OscReceiverComponent.cpp */,
				5AC739781A7A5E82008F9270 /* OscReceiverComponent.h */,
				5AC739791A7A5E82008F9270 /* OscReceiverInterface.cpp */,
				5AC7397A1A7A5E82008F9270 /* OscReceiverInterface.h */,
			);
			path = Receive;
			sourceTree = "<group>";
		};
		5ACA875A1A90D4F000838B42 /* MyProject7 */ = {
			isa = PBXGroup;
			children = (
				5ACA875C1A90D4F000838B42 /* MorphTargetStruct.h */,
				5ACA875D1A90D4F000838B42 /* MyClassTemp.cpp */,
				5ACA875E1A90D4F000838B42 /* MyClassTemp.h */,
				5ACA875F1A90D4F000838B42 /* MyProject7.Build.cs */,
				5ACA87601A90D4F000838B42 /* MyProject7.cpp */,
				5ACA87611A90D4F000838B42 /* MyProject7.h */,
			);
			name = MyProject7;
			path = Source/MyProject7;
			sourceTree = "<group>";
		};
		7CC7A084A4947195A832482C /* Products */ = {
			isa = PBXGroup;
			children = (
				74E195EBBEEA5EFC93AC001F /* libUE4XcodeHelper.a */,
				9F2433E3DDF5735319F1FD5F /* UE4CmdLineRun.xctest */,
				C12804AC350EC6F717FBAA24 /* MyProject7.app */,
			);
			name = Products;
			sourceTree = "<group>";
		};
		C07DCF5AAAB848C47CD221DD /* Frameworks */ = {
			isa = PBXGroup;
			children = (
				A5628470F317DFBC0AC94CF2 /* OpenGLES.framework */,
				71691D23B02BEEDBB5650509 /* XCTest.framework */,
			);
			name = Frameworks;
			sourceTree = "<group>";
		};
		F4A6E015B1757A6580449ADE = {
			isa = PBXGroup;
			children = (
				5ACA875A1A90D4F000838B42 /* MyProject7 */,
				5AC7392B1A7A5C6A008F9270 /* Plugins */,
				7CC7A084A4947195A832482C /* Products */,
				C07DCF5AAAB848C47CD221DD /* Frameworks */,
				15A34CDBDF6AF17442A5BC38 /* MyProject7.uproject */,
			);
			sourceTree = "<group>";
		};
/* End PBXGroup section */

/* Begin PBXLegacyTarget section */
		827F628BDE26193DCAF04501 /* MyProject7Editor - Mac */ = {
			isa = PBXLegacyTarget;
			buildArgumentsString = "$(ACTION) MyProject7Editor $(PLATFORM_NAME) $(CONFIGURATION) \"$(PROJECT_DIR)/MyProject7.uproject\"";
			buildConfigurationList = B6E3B10D4331CA89EC7F74CF /* Build configuration list for PBXLegacyTarget "MyProject7Editor - Mac" */;
			buildPhases = (
			);
			buildToolPath = /Users/Shared/UnrealEngine/4.5/Engine/Build/BatchFiles/Mac/RocketBuild.sh;
			buildWorkingDirectory = /Users/Shared/UnrealEngine/4.5;
			dependencies = (
			);
			name = "MyProject7Editor - Mac";
			passBuildSettingsInEnvironment = 0;
			productName = "MyProject7Editor - Mac";
		};
		FEEA0ACBF22F717F5CD7FC7F /* MyProject7 - Mac */ = {
			isa = PBXLegacyTarget;
			buildArgumentsString = "$(ACTION) MyProject7 $(PLATFORM_NAME) $(CONFIGURATION) \"$(PROJECT_DIR)/MyProject7.uproject\"";
			buildConfigurationList = 6689F3FDD131EFF7580CDBF7 /* Build configuration list for PBXLegacyTarget "MyProject7 - Mac" */;
			buildPhases = (
			);
			buildToolPath = /Users/Shared/UnrealEngine/4.5/Engine/Build/BatchFiles/Mac/RocketBuild.sh;
			buildWorkingDirectory = /Users/Shared/UnrealEngine/4.5;
			dependencies = (
			);
			name = "MyProject7 - Mac";
			passBuildSettingsInEnvironment = 0;
			productName = "MyProject7 - Mac";
		};
/* End PBXLegacyTarget section */

/* Begin PBXNativeTarget section */
		27AFC5D77CBF58FB29C42D1E /* UE4XcodeHelper */ = {
			isa = PBXNativeTarget;
			buildConfigurationList = 2D19E2F2734BF246E70BD9BE /* Build configuration list for PBXNativeTarget "UE4XcodeHelper" */;
			buildPhases = (
				CCD36219AB34B6576F0FBEF0 /* Sources */,
				D711B1FC4DEE60CF3FB6188C /* Frameworks */,
				D9C0999C542D97A8C7B043A0 /* ShellScript */,
			);
			buildRules = (
			);
			dependencies = (
			);
			name = UE4XcodeHelper;
			productName = UE4XcodeHelper;
			productReference = 74E195EBBEEA5EFC93AC001F /* libUE4XcodeHelper.a */;
			productType = "com.apple.product-type.library.static";
		};
		5C2DC354EDE9DF816C3EB183 /* MyProject7 - iOS */ = {
			isa = PBXNativeTarget;
			buildConfigurationList = 3B94DB3A25CD17AF074EA793 /* Build configuration list for PBXNativeTarget "MyProject7 - iOS" */;
			buildPhases = (
				6C5905C5B1D5F1E6EBB9395F /* Sources */,
				0CEFAB5A1899CC75420A1B8D /* Frameworks */,
				1654B573D83F1CDE6DF27747 /* ShellScript */,
			);
			buildRules = (
			);
			dependencies = (
				0C2D366B707949B120CA6EBD /* PBXTargetDependency */,
			);
			name = "MyProject7 - iOS";
			productName = "MyProject7 - iOS";
			productReference = C12804AC350EC6F717FBAA24 /* MyProject7.app */;
			productType = "com.apple.product-type.application";
		};
		F065836E73C8A2F3415E76E1 /* UE4CmdLineRun */ = {
			isa = PBXNativeTarget;
			buildConfigurationList = 6C80F057548241D7663CECC5 /* Build configuration list for PBXNativeTarget "UE4CmdLineRun" */;
			buildPhases = (
				96CE19817589E2ADB05AEA5C /* Sources */,
				E21DA3825FF65243B4288416 /* Frameworks */,
				B5F64B35230992EDF2421C69 /* ShellScript */,
			);
			buildRules = (
			);
			dependencies = (
			);
			name = UE4CmdLineRun;
			productName = UE4CmdLineRun;
			productReference = 9F2433E3DDF5735319F1FD5F /* UE4CmdLineRun.xctest */;
			productType = "com.apple.product-type.bundle.unit-test";
		};
/* End PBXNativeTarget section */

/* Begin PBXProject section */
		F8EE3A7C52D9DFE2A62935E1 /* Project object */ = {
			isa = PBXProject;
			attributes = {
				LastUpgradeCheck = 0510;
				ORGANIZATIONNAME = EpicGames;
			};
			buildConfigurationList = 0F1C8B2C8EC6F456C28CBD39 /* Build configuration list for PBXProject "MyProject7" */;
			compatibilityVersion = "Xcode 3.2";
			developmentRegion = English;
			hasScannedForEncodings = 0;
			knownRegions = (
				en,
			);
			mainGroup = F4A6E015B1757A6580449ADE;
			productRefGroup = 7CC7A084A4947195A832482C /* Products */;
			projectDirPath = "";
			projectRoot = "";
			targets = (
				27AFC5D77CBF58FB29C42D1E /* UE4XcodeHelper */,
				F065836E73C8A2F3415E76E1 /* UE4CmdLineRun */,
				FEEA0ACBF22F717F5CD7FC7F /* MyProject7 - Mac */,
				5C2DC354EDE9DF816C3EB183 /* MyProject7 - iOS */,
				827F628BDE26193DCAF04501 /* MyProject7Editor - Mac */,
			);
		};
/* End PBXProject section */

/* Begin PBXShellScriptBuildPhase section */
		1654B573D83F1CDE6DF27747 /* ShellScript */ = {
			isa = PBXShellScriptBuildPhase;
			buildActionMask = 2147483647;
			files = (
			);
			runOnlyForDeploymentPostprocessing = 0;
			shellPath = /bin/sh;
			shellScript = "if [ $DEPLOYMENT_LOCATION = \"YES\" ]\nthen\ncp -R MyProject7/Binaries/IOS/Payload/MyProject7.app/ $DSTROOT/$LOCAL_APPS_DIR/MyProject7.app\nfi";
		};
		B5F64B35230992EDF2421C69 /* ShellScript */ = {
			isa = PBXShellScriptBuildPhase;
			buildActionMask = 2147483647;
			files = (
			);
			runOnlyForDeploymentPostprocessing = 0;
			shellPath = /bin/sh;
			shellScript = "if [ $DEPLOYMENT_LOCATION = \"YES\" ]\nthen\ncp -R Engine/Binaries/IOS/Payload/UE4CmdLineRun.xctest/ $DSTROOT/$LOCAL_APPS_DIR/UE4CmdLineRun.xctest\nfi";
		};
		D9C0999C542D97A8C7B043A0 /* ShellScript */ = {
			isa = PBXShellScriptBuildPhase;
			buildActionMask = 2147483647;
			files = (
			);
			runOnlyForDeploymentPostprocessing = 0;
			shellPath = /bin/sh;
			shellScript = "if [ $DEPLOYMENT_LOCATION = \"YES\" ]\nthen\ncp -R Engine/Binaries/IOS/Payload/libUE4XcodeHelper.a/ $DSTROOT/$LOCAL_APPS_DIR/libUE4XcodeHelper.a\nfi";
		};
/* End PBXShellScriptBuildPhase section */

/* Begin PBXSourcesBuildPhase section */
		6C5905C5B1D5F1E6EBB9395F /* Sources */ = {
			isa = PBXSourcesBuildPhase;
			buildActionMask = 2147483647;
			files = (
			);
			runOnlyForDeploymentPostprocessing = 0;
		};
		96CE19817589E2ADB05AEA5C /* Sources */ = {
			isa = PBXSourcesBuildPhase;
			buildActionMask = 2147483647;
			files = (
			);
			runOnlyForDeploymentPostprocessing = 0;
		};
		CCD36219AB34B6576F0FBEF0 /* Sources */ = {
			isa = PBXSourcesBuildPhase;
			buildActionMask = 2147483647;
			files = (
				5AC7397C1A7A5E82008F9270 /* OscOutboundPacketStream.cpp in Sources */,
				5AC7397D1A7A5E82008F9270 /* OscReceivedElements.cpp in Sources */,
				5AC7397E1A7A5E82008F9270 /* OscTypes.cpp in Sources */,
				5AC739801A7A5E82008F9270 /* OscSettings.cpp in Sources */,
				5AC739811A7A5E82008F9270 /* OscDispatcher.cpp in Sources */,
				5ACA87641A90D4F000838B42 /* MyProject7.cpp in Sources */,
				5AC739821A7A5E82008F9270 /* OscReceiverActor.cpp in Sources */,
				5ACA87631A90D4F000838B42 /* MyClassTemp.cpp in Sources */,
				5AC739831A7A5E82008F9270 /* OscReceiverComponent.cpp in Sources */,
				5AC7397B1A7A5E82008F9270 /* OscFunctionLibrary.cpp in Sources */,
				5AC7397F1A7A5E82008F9270 /* OscModule.cpp in Sources */,
				5AC739841A7A5E82008F9270 /* OscReceiverInterface.cpp in Sources */,
			);
			runOnlyForDeploymentPostprocessing = 0;
		};
/* End PBXSourcesBuildPhase section */

/* Begin PBXTargetDependency section */
		0C2D366B707949B120CA6EBD /* PBXTargetDependency */ = {
			isa = PBXTargetDependency;
			target = FEEA0ACBF22F717F5CD7FC7F /* MyProject7 - Mac */;
			targetProxy = 6857F8EAE30E1EA7348C407F /* PBXContainerItemProxy */;
		};
/* End PBXTargetDependency section */

/* Begin XCBuildConfiguration section */
		2165E139F0A34D8E3CE54651 /* Shipping */ = {
			isa = XCBuildConfiguration;
			buildSettings = {
				ALWAYS_SEARCH_USER_PATHS = NO;
				BUNDLE_LOADER = Binaries/IOS/Payload/UE4CmdLineRun.app/UE4CmdLineRun;
				CLANG_CXX_LANGUAGE_STANDARD = "gnu++0x";
				CLANG_CXX_LIBRARY = "libc++";
				CLANG_ENABLE_MODULES = YES;
				CLANG_ENABLE_OBJC_ARC = YES;
				CODE_SIGN_IDENTITY = "iPhone Developer";
				CODE_SIGN_RESOURCE_RULES_PATH = /Users/Shared/UnrealEngine/4.5/Engine/Build/iOS/XcodeSupportFiles/CustomResourceRules.plist;
				CONFIGURATION_BUILD_DIR = Binaries/IOS/Payload;
				COPY_PHASE_STRIP = NO;
				DYNAMIC_NO_PIC = NO;
				FRAMEWORK_SEARCH_PATHS = (
					"$(SDKROOT)/Developer/Library/Frameworks",
					"$(inherited)",
					"$(DEVELOPER_FRAMEWORKS_DIR)",
				);
				GCC_C_LANGUAGE_STANDARD = gnu99;
				GCC_PRECOMPILE_PREFIX_HEADER = NO;
				GCC_PREPROCESSOR_DEFINITIONS = "";
				GCC_SYMBOLS_PRIVATE_EXTERN = NO;
				HEADER_SEARCH_PATHS = "";
				INFOPLIST_FILE = "/Users/Shared/UnrealEngine/4.5/Engine/Build/IOS/UE4CmdLineRun/UE4CmdLineRun-Info.plist";
				IPHONEOS_DEPLOYMENT_TARGET = 7.0;
				OBJROOT = Intermediate/IOS/build;
				ONLY_ACTIVE_ARCH = NO;
				OPTIMIZATION_LEVEL = 0;
				PRODUCT_NAME = "$(TARGET_NAME)";
				SDKROOT = iphoneos;
				SUPPORTED_PLATFORMS = "iphoneos iphonesimulator";
				SYMROOT = Binaries/IOS;
				TEST_HOST = "$(BUNDLE_LOADER)";
				USER_HEADER_SEARCH_PATHS = "";
				WRAPPER_EXTENSION = xctest;
			};
			name = Shipping;
		};
		2543E95ABE6FE1549428744A /* Shipping */ = {
			isa = XCBuildConfiguration;
			buildSettings = {
				COMBINE_HIDPI_IMAGES = YES;
				GCC_PRECOMPILE_PREFIX_HEADER = YES;
				GCC_PREFIX_HEADER = /Users/Shared/UnrealEngine/4.5/Engine/Source/Editor/UnrealEd/Public/UnrealEd.h;
				MACOSX_DEPLOYMENT_TARGET = 10.9;
				PRODUCT_NAME = "$(TARGET_NAME)";
				SDKROOT = macosx;
				VALID_ARCHS = x86_64;
			};
			name = Shipping;
		};
		3397B24CD189DA9D64548528 /* DebugGame */ = {
			isa = XCBuildConfiguration;
			buildSettings = {
				"CODE_SIGN_IDENTITY[sdk=iphoneos*]" = "iPhone Developer";
				CODE_SIGN_RESOURCE_RULES_PATH = /Users/Shared/UnrealEngine/4.5/Engine/Build/iOS/XcodeSupportFiles/CustomResourceRules.plist;
				CONFIGURATION_BUILD_DIR = "/Users/skas/Documents/Unreal Projects/MyProject7/Binaries/IOS/Payload";
				GCC_PREPROCESSOR_DEFINITIONS = "";
				HEADER_SEARCH_PATHS = "";
				INFOPLIST_FILE = "/Users/skas/Documents/Unreal Projects/MyProject7/Intermediate/IOS/MyProject7-Info.plist";
				INFOPLIST_OUTPUT_FORMAT = xml;
				IPHONEOS_DEPLOYMENT_TARGET = 6.0;
				OBJROOT = "/Users/skas/Documents/Unreal Projects/MyProject7/Intermediate/IOS/build";
				"PRODUCT_NAME[sdk=iphoneos*]" = MyProject7;
				"PRODUCT_NAME[sdk=iphonesimulator*]" = "MyProject7-simulator";
				"PROVISIONING_PROFILE[sdk=iphoneos*]" = "";
				SDKROOT = iphoneos;
				SUPPORTED_PLATFORMS = "iphoneos iphonesimulator";
				SYMROOT = "/Users/skas/Documents/Unreal Projects/MyProject7/Binaries/IOS";
				TARGETED_DEVICE_FAMILY = "1,2";
				USER_HEADER_SEARCH_PATHS = "";
			};
			name = DebugGame;
		};
		3FA8A87A97F953207905EFD6 /* Development */ = {
			isa = XCBuildConfiguration;
			buildSettings = {
				ALWAYS_SEARCH_USER_PATHS = NO;
				CLANG_CXX_LANGUAGE_STANDARD = "c++0x";
				GCC_ENABLE_CPP_RTTI = NO;
				GCC_PREPROCESSOR_DEFINITIONS = (
					"UE_GAME=1",
					"IS_PROGRAM=0",
					"UE_ROCKET=1",
					UNICODE,
					_UNICODE,
					__UNREAL__,
					"IS_MONOLITHIC=1",
					"WITH_ENGINE=1",
					"WITH_UNREAL_DEVELOPER_TOOLS=0",
					"WITH_COREUOBJECT=1",
					"USE_STATS_WITHOUT_ENGINE=0",
					"WITH_PLUGIN_SUPPORT=0",
					"USE_LOGGING_IN_SHIPPING=0",
					"UE_BUILD_MINIMAL=1",
					"WITH_EDITOR=1",
					"WITH_EDITORONLY_DATA=1",
					"WITH_SERVER_CODE=1",
					"UBT_COMPILED_PLATFORM=Mac",
					"PLATFORM_MAC=1",
					"PLATFORM_APPLE=1",
					"WITH_TTS=0",
					"WITH_SPEECH_RECOGNITION=0",
					"WITH_DATABASE_SUPPORT=0",
					"NDEBUG=1",
					"UE_BUILD_DEVELOPMENT=1",
					"UE_PROJECT_NAME=MyProject7",
					"MYPROJECT7_API=",
					"UE_ENABLE_ICU=1",
					"WITH_STEAMWORKS=0",
					"WITH_DIRECTXMATH=0",
					"CORE_API=",
					"COREUOBJECT_API=",
					"WITH_PHYSX=1",
					"WITH_APEX=1",
					WITH_RUNTIME_PHYSICS_COOKING,
					"WITH_BOX2D=0",
					"WITH_RECAST=1",
					"ENGINE_API=",
					"WITH_FREETYPE=1",
					"SLATE_API=",
					"INPUTCORE_API=",
					"SLATECORE_API=",
					"MESSAGING_API=",
					"RENDERCORE_API=",
					"RHI_API=",
					"SHADERCORE_API=",
					"ASSETREGISTRY_API=",
					"ENGINEMESSAGES_API=",
					"ENGINESETTINGS_API=",
					"SYNTHBENCHMARK_API=",
					"RENDERER_API=",
					"AIMODULE_API=",
					"UE_EDITOR=1",
					"UNREALED_API=",
					"BSPMODE_API=",
					"DOCUMENTATION_API=",
					"PROJECTS_API=",
					"SANDBOXFILE_API=",
					"EDITORSTYLE_API=",
					"SOURCECONTROL_API=",
					"UNREALEDMESSAGES_API=",
					"BLUEPRINTGRAPH_API=",
					"USERFEEDBACK_API=",
					"COLLECTIONMANAGER_API=",
					"KISMET_API=",
					"MONOLITHIC_BUILD=1",
				);
				GCC_WARN_CHECK_SWITCH_STATEMENTS = NO;
				HEADER_SEARCH_PATHS = "";
				ONLY_ACTIVE_ARCH = NO;
				SDKROOT = macosx;
				SUPPORTED_PLATFORMS = macosx;
				SYMROOT = Intermediate/Build;
				USER_HEADER_SEARCH_PATHS = "/Users/Shared/UnrealEngine/4.5/Engine/Source Source Intermediate/Build/Mac/MyProject7/Inc/MyProject7 /Users/Shared/UnrealEngine/4.5/Engine/Source/Runtime/Core/Public /Users/Shared/UnrealEngine/4.5/Engine/Source/Runtime/Core/Public/Internationalization /Users/Shared/UnrealEngine/4.5/Engine/Source/Runtime/Core/Public/Async /Users/Shared/UnrealEngine/4.5/Engine/Source/Runtime/Core/Public/Concurrency /Users/Shared/UnrealEngine/4.5/Engine/Source/Runtime/Core/Public/Containers /Users/Shared/UnrealEngine/4.5/Engine/Source/Runtime/Core/Public/Delegates /Users/Shared/UnrealEngine/4.5/Engine/Source/Runtime/Core/Public/GenericPlatform /Users/Shared/UnrealEngine/4.5/Engine/Source/Runtime/Core/Public/HAL /Users/Shared/UnrealEngine/4.5/Engine/Source/Runtime/Core/Public/Logging /Users/Shared/UnrealEngine/4.5/Engine/Source/Runtime/Core/Public/Math /Users/Shared/UnrealEngine/4.5/Engine/Source/Runtime/Core/Public/Misc /Users/Shared/UnrealEngine/4.5/Engine/Source/Runtime/Core/Public/Modules /Users/Shared/UnrealEngine/4.5/Engine/Source/Runtime/Core/Public/Modules/Boilerplate /Users/Shared/UnrealEngine/4.5/Engine/Source/Runtime/Core/Public/ProfilingDebugging /Users/Shared/UnrealEngine/4.5/Engine/Source/Runtime/Core/Public/Serialization /Users/Shared/UnrealEngine/4.5/Engine/Source/Runtime/Core/Public/Serialization/Json /Users/Shared/UnrealEngine/4.5/Engine/Source/Runtime/Core/Public/Serialization/Csv /Users/Shared/UnrealEngine/4.5/Engine/Source/Runtime/Core/Public/Stats /Users/Shared/UnrealEngine/4.5/Engine/Source/Runtime/Core/Public/Templates /Users/Shared/UnrealEngine/4.5/Engine/Source/Runtime/Core/Public/UObject /Users/Shared/UnrealEngine/4.5/Engine/Source/Runtime/Core/Public/Apple /Users/Shared/UnrealEngine/4.5/Engine/Source/Runtime/Core/Public/Mac /Users/Shared/UnrealEngine/4.5/Engine/Source/Runtime/Core /Users/Shared/UnrealEngine/4.5/Engine/Source/Runtime/CoreUObject/Classes /Users/Shared/UnrealEngine/4.5/Engine/Intermediate/Build/Mac/Inc/CoreUObject /Users/Shared/UnrealEngine/4.5/Engine/Source/Runtime/CoreUObject/Public /Users/Shared/UnrealEngine/4.5/Engine/Source/Runtime/CoreUObject/Public/Blueprint /Users/Shared/UnrealEngine/4.5/Engine/Source/Runtime/CoreUObject/Public/Misc /Users/Shared/UnrealEngine/4.5/Engine/Source/Runtime/CoreUObject/Public/Serialization /Users/Shared/UnrealEngine/4.5/Engine/Source/Runtime/CoreUObject/Public/Templates /Users/Shared/UnrealEngine/4.5/Engine/Source/Runtime/CoreUObject/Public/UObject /Users/Shared/UnrealEngine/4.5/Engine/Source/Runtime/CoreUObject /Users/Shared/UnrealEngine/4.5/Engine/Source/Runtime/Engine/Classes /Users/Shared/UnrealEngine/4.5/Engine/Intermediate/Build/Mac/Inc/Engine /Users/Shared/UnrealEngine/4.5/Engine/Source/Runtime/Engine/Public /Users/Shared/UnrealEngine/4.5/Engine/Source/Runtime/Engine/Public/AI /Users/Shared/UnrealEngine/4.5/Engine/Source/Runtime/Engine/Public/EdGraph /Users/Shared/UnrealEngine/4.5/Engine/Source/Runtime/Engine/Public/Features /Users/Shared/UnrealEngine/4.5/Engine/Source/Runtime/Engine/Public/Landscape /Users/Shared/UnrealEngine/4.5/Engine/Source/Runtime/Engine/Public/Net /Users/Shared/UnrealEngine/4.5/Engine/Source/Runtime/Engine/Public/Slate /Users/Shared/UnrealEngine/4.5/Engine/Source/Runtime/Engine/Public/Tests /Users/Shared/UnrealEngine/4.5/Engine/Source/Runtime/Engine/Public/AI/Navigation /Users/Shared/UnrealEngine/4.5/Engine/Intermediate/Build/Mac/Inc/Slate /Users/Shared/UnrealEngine/4.5/Engine/Source/Runtime/Slate/Public /Users/Shared/UnrealEngine/4.5/Engine/Source/Runtime/Slate/Public/Framework /Users/Shared/UnrealEngine/4.5/Engine/Source/Runtime/Slate/Public/Widgets /Users/Shared/UnrealEngine/4.5/Engine/Source/Runtime/Slate/Public/Framework/Application /Users/Shared/UnrealEngine/4.5/Engine/Source/Runtime/Slate/Public/Framework/Commands /Users/Shared/UnrealEngine/4.5/Engine/Source/Runtime/Slate/Public/Framework/Docking /Users/Shared/UnrealEngine/4.5/Engine/Source/Runtime/Slate/Public/Framework/Layout /Users/Shared/UnrealEngine/4.5/Engine/Source/Runtime/Slate/Public/Framework/MultiBox /Users/Shared/UnrealEngine/4.5/Engine/Source/Runtime/Slate/Public/Framework/Notifications /Users/Shared/UnrealEngine/4.5/Engine/Source/Runtime/Slate/Public/Framework/Styling /Users/Shared/UnrealEngine/4.5/Engine/Source/Runtime/Slate/Public/Framework/Text /Users/Shared/UnrealEngine/4.5/Engine/Source/Runtime/Slate/Public/Framework/Views /Users/Shared/UnrealEngine/4.5/Engine/Source/Runtime/Slate/Public/Framework/Text/IOS /Users/Shared/UnrealEngine/4.5/Engine/Source/Runtime/Slate/Public/Widgets/Colors /Users/Shared/UnrealEngine/4.5/Engine/Source/Runtime/Slate/Public/Widgets/Docking /Users/Shared/UnrealEngine/4.5/Engine/Source/Runtime/Slate/Public/Widgets/Images /Users/Shared/UnrealEngine/4.5/Engine/Source/Runtime/Slate/Public/Widgets/Input /Users/Shared/UnrealEngine/4.5/Engine/Source/Runtime/Slate/Public/Widgets/Layout /Users/Shared/UnrealEngine/4.5/Engine/Source/Runtime/Slate/Public/Widgets/Navigation /Users/Shared/UnrealEngine/4.5/Engine/Source/Runtime/Slate/Public/Widgets/Notifications /Users/Shared/UnrealEngine/4.5/Engine/Source/Runtime/Slate/Public/Widgets/Text /Users/Shared/UnrealEngine/4.5/Engine/Source/Runtime/Slate/Public/Widgets/Views /Users/Shared/UnrealEngine/4.5/Engine/Source/Runtime/InputCore/Classes /Users/Shared/UnrealEngine/4.5/Engine/Intermediate/Build/Mac/Inc/InputCore /Users/Shared/UnrealEngine/4.5/Engine/Source/Runtime/InputCore/Public /Users/Shared/UnrealEngine/4.5/Engine/Source/Runtime/InputCore /Users/Shared/UnrealEngine/4.5/Engine/Intermediate/Build/Mac/Inc/SlateCore /Users/Shared/UnrealEngine/4.5/Engine/Source/Runtime/SlateCore/Public /Users/Shared/UnrealEngine/4.5/Engine/Source/Runtime/SlateCore/Public/Animation /Users/Shared/UnrealEngine/4.5/Engine/Source/Runtime/SlateCore/Public/Application /Users/Shared/UnrealEngine/4.5/Engine/Source/Runtime/SlateCore/Public/Brushes /Users/Shared/UnrealEngine/4.5/Engine/Source/Runtime/SlateCore/Public/Fonts /Users/Shared/UnrealEngine/4.5/Engine/Source/Runtime/SlateCore/Public/Input /Users/Shared/UnrealEngine/4.5/Engine/Source/Runtime/SlateCore/Public/Layout /Users/Shared/UnrealEngine/4.5/Engine/Source/Runtime/SlateCore/Public/Logging /Users/Shared/UnrealEngine/4.5/Engine/Source/Runtime/SlateCore/Public/Rendering /Users/Shared/UnrealEngine/4.5/Engine/Source/Runtime/SlateCore/Public/Sound /Users/Shared/UnrealEngine/4.5/Engine/Source/Runtime/SlateCore/Public/Styling /Users/Shared/UnrealEngine/4.5/Engine/Source/Runtime/SlateCore/Public/Textures /Users/Shared/UnrealEngine/4.5/Engine/Source/Runtime/SlateCore/Public/Types /Users/Shared/UnrealEngine/4.5/Engine/Source/Runtime/SlateCore/Public/Widgets /Users/Shared/UnrealEngine/4.5/Engine/Source/Runtime/SlateCore /Users/Shared/UnrealEngine/4.5/Engine/Source/Runtime/Slate /Users/Shared/UnrealEngine/4.5/Engine/Intermediate/Build/Mac/Inc/Messaging /Users/Shared/UnrealEngine/4.5/Engine/Source/Runtime/Messaging/Public /Users/Shared/UnrealEngine/4.5/Engine/Source/Runtime/Messaging/Public/Common /Users/Shared/UnrealEngine/4.5/Engine/Source/Runtime/Messaging/Public/Interfaces /Users/Shared/UnrealEngine/4.5/Engine/Source/Runtime/Messaging /Users/Shared/UnrealEngine/4.5/Engine/Intermediate/Build/Mac/Inc/RenderCore /Users/Shared/UnrealEngine/4.5/Engine/Source/Runtime/RenderCore/Public /Users/Shared/UnrealEngine/4.5/Engine/Source/Runtime/RenderCore /Users/Shared/UnrealEngine/4.5/Engine/Intermediate/Build/Mac/Inc/RHI /Users/Shared/UnrealEngine/4.5/Engine/Source/Runtime/RHI/Public /Users/Shared/UnrealEngine/4.5/Engine/Source/Runtime/RHI /Users/Shared/UnrealEngine/4.5/Engine/Intermediate/Build/Mac/Inc/ShaderCore /Users/Shared/UnrealEngine/4.5/Engine/Source/Runtime/ShaderCore/Public /Users/Shared/UnrealEngine/4.5/Engine/Source/Runtime/ShaderCore /Users/Shared/UnrealEngine/4.5/Engine/Intermediate/Build/Mac/Inc/AssetRegistry /Users/Shared/UnrealEngine/4.5/Engine/Source/Runtime/AssetRegistry/Public /Users/Shared/UnrealEngine/4.5/Engine/Source/Runtime/AssetRegistry /Users/Shared/UnrealEngine/4.5/Engine/Source/Runtime/EngineMessages/Classes /Users/Shared/UnrealEngine/4.5/Engine/Intermediate/Build/Mac/Inc/EngineMessages /Users/Shared/UnrealEngine/4.5/Engine/Source/Runtime/EngineMessages/Public /Users/Shared/UnrealEngine/4.5/Engine/Source/Runtime/EngineMessages /Users/Shared/UnrealEngine/4.5/Engine/Source/Runtime/EngineSettings/Classes /Users/Shared/UnrealEngine/4.5/Engine/Intermediate/Build/Mac/Inc/EngineSettings /Users/Shared/UnrealEngine/4.5/Engine/Source/Runtime/EngineSettings/Public /Users/Shared/UnrealEngine/4.5/Engine/Source/Runtime/EngineSettings /Users/Shared/UnrealEngine/4.5/Engine/Intermediate/Build/Mac/Inc/SynthBenchmark /Users/Shared/UnrealEngine/4.5/Engine/Source/Developer/SynthBenchmark/Public /Users/Shared/UnrealEngine/4.5/Engine/Intermediate/Build/Mac/Inc/Renderer /Users/Shared/UnrealEngine/4.5/Engine/Source/Runtime/Renderer/Public /Users/Shared/UnrealEngine/4.5/Engine/Source/Runtime/Renderer /Users/Shared/UnrealEngine/4.5/Engine/Source/Developer/SynthBenchmark /Users/Shared/UnrealEngine/4.5/Engine/Source/Runtime/AIModule/Public /Users/Shared/UnrealEngine/4.5/Engine/Source/Runtime/AIModule/Classes /Users/Shared/UnrealEngine/4.5/Engine/Intermediate/Build/Mac/Inc/AIModule /Users/Shared/UnrealEngine/4.5/Engine/Source/Runtime/AIModule /Users/Shared/UnrealEngine/4.5/Engine/Source/Runtime/Engine Source/MyProject7 Intermediate/Build/Mac/Inc/MyProject7 /Users/Shared/UnrealEngine/4.5/Engine/Source/Programs/UnrealLightmass/Public /Users/Shared/UnrealEngine/4.5/Engine/Source/Editor/UnrealEd/Classes /Users/Shared/UnrealEngine/4.5/Engine/Intermediate/Build/Mac/Inc/UnrealEd /Users/Shared/UnrealEngine/4.5/Engine/Source/Editor/UnrealEd/Public /Users/Shared/UnrealEngine/4.5/Engine/Source/Editor/UnrealEd/Public/Commandlets /Users/Shared/UnrealEngine/4.5/Engine/Source/Editor/UnrealEd/Public/Dialogs /Users/Shared/UnrealEngine/4.5/Engine/Source/Editor/UnrealEd/Public/DragAndDrop /Users/Shared/UnrealEngine/4.5/Engine/Source/Editor/UnrealEd/Public/Features /Users/Shared/UnrealEngine/4.5/Engine/Source/Editor/UnrealEd/Public/Kismet2 /Users/Shared/UnrealEngine/4.5/Engine/Source/Editor/UnrealEd/Public/Layers /Users/Shared/UnrealEngine/4.5/Engine/Source/Editor/UnrealEd/Public/Tests /Users/Shared/UnrealEngine/4.5/Engine/Source/Editor/UnrealEd/Public/Toolkits /Users/Shared/UnrealEngine/4.5/Engine/Intermediate/Build/Mac/Inc/BspMode /Users/Shared/UnrealEngine/4.5/Engine/Source/Editor/BspMode/Public /Users/Shared/UnrealEngine/4.5/Engine/Source/Editor/BspMode /Users/Shared/UnrealEngine/4.5/Engine/Intermediate/Build/Mac/Inc/Documentation /Users/Shared/UnrealEngine/4.5/Engine/Source/Editor/Documentation/Public /Users/Shared/UnrealEngine/4.5/Engine/Source/Editor/Documentation /Users/Shared/UnrealEngine/4.5/Engine/Intermediate/Build/Mac/Inc/Projects /Users/Shared/UnrealEngine/4.5/Engine/Source/Runtime/Projects/Public /Users/Shared/UnrealEngine/4.5/Engine/Source/Runtime/Projects/Public/Interfaces /Users/Shared/UnrealEngine/4.5/Engine/Source/Runtime/Projects /Users/Shared/UnrealEngine/4.5/Engine/Intermediate/Build/Mac/Inc/SandboxFile /Users/Shared/UnrealEngine/4.5/Engine/Source/Runtime/SandboxFile/Public /Users/Shared/UnrealEngine/4.5/Engine/Source/Runtime/SandboxFile /Users/Shared/UnrealEngine/4.5/Engine/Intermediate/Build/Mac/Inc/EditorStyle /Users/Shared/UnrealEngine/4.5/Engine/Source/Editor/EditorStyle/Public /Users/Shared/UnrealEngine/4.5/Engine/Source/Editor/EditorStyle/Public/Classes /Users/Shared/UnrealEngine/4.5/Engine/Source/Editor/EditorStyle/Public/Interfaces /Users/Shared/UnrealEngine/4.5/Engine/Source/Editor/EditorStyle /Users/Shared/UnrealEngine/4.5/Engine/Intermediate/Build/Mac/Inc/SourceControl /Users/Shared/UnrealEngine/4.5/Engine/Source/Developer/SourceControl/Public /Users/Shared/UnrealEngine/4.5/Engine/Source/Developer/SourceControl/Public/Tests /Users/Shared/UnrealEngine/4.5/Engine/Source/Developer/SourceControl /Users/Shared/UnrealEngine/4.5/Engine/Source/Editor/UnrealEdMessages/Classes /Users/Shared/UnrealEngine/4.5/Engine/Intermediate/Build/Mac/Inc/UnrealEdMessages /Users/Shared/UnrealEngine/4.5/Engine/Source/Editor/UnrealEdMessages/Public /Users/Shared/UnrealEngine/4.5/Engine/Source/Editor/UnrealEdMessages /Users/Shared/UnrealEngine/4.5/Engine/Source/Editor/BlueprintGraph/Classes /Users/Shared/UnrealEngine/4.5/Engine/Intermediate/Build/Mac/Inc/BlueprintGraph /Users/Shared/UnrealEngine/4.5/Engine/Source/Editor/BlueprintGraph/Public /Users/Shared/UnrealEngine/4.5/Engine/Source/Editor/BlueprintGraph /Users/Shared/UnrealEngine/4.5/Engine/Intermediate/Build/Mac/Inc/UserFeedback /Users/Shared/UnrealEngine/4.5/Engine/Source/Editor/UserFeedback/Public /Users/Shared/UnrealEngine/4.5/Engine/Source/Editor/UserFeedback /Users/Shared/UnrealEngine/4.5/Engine/Intermediate/Build/Mac/Inc/CollectionManager /Users/Shared/UnrealEngine/4.5/Engine/Source/Developer/CollectionManager/Public /Users/Shared/UnrealEngine/4.5/Engine/Source/Developer/CollectionManager /Users/Shared/UnrealEngine/4.5/Engine/Source/Editor/UnrealEd /Users/Shared/UnrealEngine/4.5/Engine/Source/Editor/Kismet/Classes /Users/Shared/UnrealEngine/4.5/Engine/Intermediate/Build/Mac/Inc/Kismet /Users/Shared/UnrealEngine/4.5/Engine/Source/Editor/Kismet/Public /Users/Shared/UnrealEngine/4.5/Engine/Source/Editor/Kismet/Public/WorkflowOrientedApp /Users/Shared/UnrealEngine/4.5/Engine/Source/Editor/Kismet";
				USE_HEADERMAP = NO;
			};
			name = Development;
		};
		56F3EA26B079EBBD04D58035 /* DebugGame */ = {
			isa = XCBuildConfiguration;
			buildSettings = {
				COMBINE_HIDPI_IMAGES = YES;
				CONFIGURATION_BUILD_DIR = Engine/Binaries/IOS/Payload;
				GCC_PRECOMPILE_PREFIX_HEADER = YES;
				GCC_PREFIX_HEADER = /Users/Shared/UnrealEngine/4.5/Engine/Source/Editor/UnrealEd/Public/UnrealEd.h;
				IPHONEOS_DEPLOYMENT_TARGET = 6.0;
				MACOSX_DEPLOYMENT_TARGET = 10.9;
				"PRODUCT_NAME[sdk=iphoneos*]" = "$(TARGET_NAME)";
				"PRODUCT_NAME[sdk=iphonesimulator*]" = "$(TARGET_NAME)-simulator";
				"PRODUCT_NAME[sdk=macosx*]" = "$(TARGET_NAME)";
				SDKROOT = macosx;
				"SDKROOT[arch=arm*]" = iphoneos;
				"SDKROOT[arch=x86_64]" = macosx;
				SUPPORTED_PLATFORMS = "macosx iphoneos iphonesimulator";
				TARGETED_DEVICE_FAMILY = "1,2";
				VALID_ARCHS = "x86_64 arm64 armv7 armv7s";
			};
			name = DebugGame;
		};
		5AFC04FBD5F38228F027F30F /* Shipping */ = {
			isa = XCBuildConfiguration;
			buildSettings = {
				ALWAYS_SEARCH_USER_PATHS = NO;
				CLANG_CXX_LANGUAGE_STANDARD = "c++0x";
				GCC_ENABLE_CPP_RTTI = NO;
				GCC_PREPROCESSOR_DEFINITIONS = (
					"UE_GAME=1",
					"IS_PROGRAM=0",
					"UE_ROCKET=1",
					UNICODE,
					_UNICODE,
					__UNREAL__,
					"IS_MONOLITHIC=1",
					"WITH_ENGINE=1",
					"WITH_UNREAL_DEVELOPER_TOOLS=0",
					"WITH_COREUOBJECT=1",
					"USE_STATS_WITHOUT_ENGINE=0",
					"WITH_PLUGIN_SUPPORT=0",
					"USE_LOGGING_IN_SHIPPING=0",
					"UE_BUILD_MINIMAL=1",
					"WITH_EDITOR=1",
					"WITH_EDITORONLY_DATA=1",
					"WITH_SERVER_CODE=1",
					"UBT_COMPILED_PLATFORM=Mac",
					"PLATFORM_MAC=1",
					"PLATFORM_APPLE=1",
					"WITH_TTS=0",
					"WITH_SPEECH_RECOGNITION=0",
					"WITH_DATABASE_SUPPORT=0",
					"NDEBUG=1",
					"UE_BUILD_DEVELOPMENT=1",
					"UE_PROJECT_NAME=MyProject7",
					"MYPROJECT7_API=",
					"UE_ENABLE_ICU=1",
					"WITH_STEAMWORKS=0",
					"WITH_DIRECTXMATH=0",
					"CORE_API=",
					"COREUOBJECT_API=",
					"WITH_PHYSX=1",
					"WITH_APEX=1",
					WITH_RUNTIME_PHYSICS_COOKING,
					"WITH_BOX2D=0",
					"WITH_RECAST=1",
					"ENGINE_API=",
					"WITH_FREETYPE=1",
					"SLATE_API=",
					"INPUTCORE_API=",
					"SLATECORE_API=",
					"MESSAGING_API=",
					"RENDERCORE_API=",
					"RHI_API=",
					"SHADERCORE_API=",
					"ASSETREGISTRY_API=",
					"ENGINEMESSAGES_API=",
					"ENGINESETTINGS_API=",
					"SYNTHBENCHMARK_API=",
					"RENDERER_API=",
					"AIMODULE_API=",
					"UE_EDITOR=1",
					"UNREALED_API=",
					"BSPMODE_API=",
					"DOCUMENTATION_API=",
					"PROJECTS_API=",
					"SANDBOXFILE_API=",
					"EDITORSTYLE_API=",
					"SOURCECONTROL_API=",
					"UNREALEDMESSAGES_API=",
					"BLUEPRINTGRAPH_API=",
					"USERFEEDBACK_API=",
					"COLLECTIONMANAGER_API=",
					"KISMET_API=",
					"MONOLITHIC_BUILD=1",
				);
				GCC_WARN_CHECK_SWITCH_STATEMENTS = NO;
				HEADER_SEARCH_PATHS = "";
				ONLY_ACTIVE_ARCH = NO;
				SDKROOT = macosx;
				SUPPORTED_PLATFORMS = macosx;
				SYMROOT = Intermediate/Build;
				USER_HEADER_SEARCH_PATHS = "/Users/Shared/UnrealEngine/4.5/Engine/Source Source Intermediate/Build/Mac/MyProject7/Inc/MyProject7 /Users/Shared/UnrealEngine/4.5/Engine/Source/Runtime/Core/Public /Users/Shared/UnrealEngine/4.5/Engine/Source/Runtime/Core/Public/Internationalization /Users/Shared/UnrealEngine/4.5/Engine/Source/Runtime/Core/Public/Async /Users/Shared/UnrealEngine/4.5/Engine/Source/Runtime/Core/Public/Concurrency /Users/Shared/UnrealEngine/4.5/Engine/Source/Runtime/Core/Public/Containers /Users/Shared/UnrealEngine/4.5/Engine/Source/Runtime/Core/Public/Delegates /Users/Shared/UnrealEngine/4.5/Engine/Source/Runtime/Core/Public/GenericPlatform /Users/Shared/UnrealEngine/4.5/Engine/Source/Runtime/Core/Public/HAL /Users/Shared/UnrealEngine/4.5/Engine/Source/Runtime/Core/Public/Logging /Users/Shared/UnrealEngine/4.5/Engine/Source/Runtime/Core/Public/Math /Users/Shared/UnrealEngine/4.5/Engine/Source/Runtime/Core/Public/Misc /Users/Shared/UnrealEngine/4.5/Engine/Source/Runtime/Core/Public/Modules /Users/Shared/UnrealEngine/4.5/Engine/Source/Runtime/Core/Public/Modules/Boilerplate /Users/Shared/UnrealEngine/4.5/Engine/Source/Runtime/Core/Public/ProfilingDebugging /Users/Shared/UnrealEngine/4.5/Engine/Source/Runtime/Core/Public/Serialization /Users/Shared/UnrealEngine/4.5/Engine/Source/Runtime/Core/Public/Serialization/Json /Users/Shared/UnrealEngine/4.5/Engine/Source/Runtime/Core/Public/Serialization/Csv /Users/Shared/UnrealEngine/4.5/Engine/Source/Runtime/Core/Public/Stats /Users/Shared/UnrealEngine/4.5/Engine/Source/Runtime/Core/Public/Templates /Users/Shared/UnrealEngine/4.5/Engine/Source/Runtime/Core/Public/UObject /Users/Shared/UnrealEngine/4.5/Engine/Source/Runtime/Core/Public/Apple /Users/Shared/UnrealEngine/4.5/Engine/Source/Runtime/Core/Public/Mac /Users/Shared/UnrealEngine/4.5/Engine/Source/Runtime/Core /Users/Shared/UnrealEngine/4.5/Engine/Source/Runtime/CoreUObject/Classes /Users/Shared/UnrealEngine/4.5/Engine/Intermediate/Build/Mac/Inc/CoreUObject /Users/Shared/UnrealEngine/4.5/Engine/Source/Runtime/CoreUObject/Public /Users/Shared/UnrealEngine/4.5/Engine/Source/Runtime/CoreUObject/Public/Blueprint /Users/Shared/UnrealEngine/4.5/Engine/Source/Runtime/CoreUObject/Public/Misc /Users/Shared/UnrealEngine/4.5/Engine/Source/Runtime/CoreUObject/Public/Serialization /Users/Shared/UnrealEngine/4.5/Engine/Source/Runtime/CoreUObject/Public/Templates /Users/Shared/UnrealEngine/4.5/Engine/Source/Runtime/CoreUObject/Public/UObject /Users/Shared/UnrealEngine/4.5/Engine/Source/Runtime/CoreUObject /Users/Shared/UnrealEngine/4.5/Engine/Source/Runtime/Engine/Classes /Users/Shared/UnrealEngine/4.5/Engine/Intermediate/Build/Mac/Inc/Engine /Users/Shared/UnrealEngine/4.5/Engine/Source/Runtime/Engine/Public /Users/Shared/UnrealEngine/4.5/Engine/Source/Runtime/Engine/Public/AI /Users/Shared/UnrealEngine/4.5/Engine/Source/Runtime/Engine/Public/EdGraph /Users/Shared/UnrealEngine/4.5/Engine/Source/Runtime/Engine/Public/Features /Users/Shared/UnrealEngine/4.5/Engine/Source/Runtime/Engine/Public/Landscape /Users/Shared/UnrealEngine/4.5/Engine/Source/Runtime/Engine/Public/Net /Users/Shared/UnrealEngine/4.5/Engine/Source/Runtime/Engine/Public/Slate /Users/Shared/UnrealEngine/4.5/Engine/Source/Runtime/Engine/Public/Tests /Users/Shared/UnrealEngine/4.5/Engine/Source/Runtime/Engine/Public/AI/Navigation /Users/Shared/UnrealEngine/4.5/Engine/Intermediate/Build/Mac/Inc/Slate /Users/Shared/UnrealEngine/4.5/Engine/Source/Runtime/Slate/Public /Users/Shared/UnrealEngine/4.5/Engine/Source/Runtime/Slate/Public/Framework /Users/Shared/UnrealEngine/4.5/Engine/Source/Runtime/Slate/Public/Widgets /Users/Shared/UnrealEngine/4.5/Engine/Source/Runtime/Slate/Public/Framework/Application /Users/Shared/UnrealEngine/4.5/Engine/Source/Runtime/Slate/Public/Framework/Commands /Users/Shared/UnrealEngine/4.5/Engine/Source/Runtime/Slate/Public/Framework/Docking /Users/Shared/UnrealEngine/4.5/Engine/Source/Runtime/Slate/Public/Framework/Layout /Users/Shared/UnrealEngine/4.5/Engine/Source/Runtime/Slate/Public/Framework/MultiBox /Users/Shared/UnrealEngine/4.5/Engine/Source/Runtime/Slate/Public/Framework/Notifications /Users/Shared/UnrealEngine/4.5/Engine/Source/Runtime/Slate/Public/Framework/Styling /Users/Shared/UnrealEngine/4.5/Engine/Source/Runtime/Slate/Public/Framework/Text /Users/Shared/UnrealEngine/4.5/Engine/Source/Runtime/Slate/Public/Framework/Views /Users/Shared/UnrealEngine/4.5/Engine/Source/Runtime/Slate/Public/Framework/Text/IOS /Users/Shared/UnrealEngine/4.5/Engine/Source/Runtime/Slate/Public/Widgets/Colors /Users/Shared/UnrealEngine/4.5/Engine/Source/Runtime/Slate/Public/Widgets/Docking /Users/Shared/UnrealEngine/4.5/Engine/Source/Runtime/Slate/Public/Widgets/Images /Users/Shared/UnrealEngine/4.5/Engine/Source/Runtime/Slate/Public/Widgets/Input /Users/Shared/UnrealEngine/4.5/Engine/Source/Runtime/Slate/Public/Widgets/Layout /Users/Shared/UnrealEngine/4.5/Engine/Source/Runtime/Slate/Public/Widgets/Navigation /Users/Shared/UnrealEngine/4.5/Engine/Source/Runtime/Slate/Public/Widgets/Notifications /Users/Shared/UnrealEngine/4.5/Engine/Source/Runtime/Slate/Public/Widgets/Text /Users/Shared/UnrealEngine/4.5/Engine/Source/Runtime/Slate/Public/Widgets/Views /Users/Shared/UnrealEngine/4.5/Engine/Source/Runtime/InputCore/Classes /Users/Shared/UnrealEngine/4.5/Engine/Intermediate/Build/Mac/Inc/InputCore /Users/Shared/UnrealEngine/4.5/Engine/Source/Runtime/InputCore/Public /Users/Shared/UnrealEngine/4.5/Engine/Source/Runtime/InputCore /Users/Shared/UnrealEngine/4.5/Engine/Intermediate/Build/Mac/Inc/SlateCore /Users/Shared/UnrealEngine/4.5/Engine/Source/Runtime/SlateCore/Public /Users/Shared/UnrealEngine/4.5/Engine/Source/Runtime/SlateCore/Public/Animation /Users/Shared/UnrealEngine/4.5/Engine/Source/Runtime/SlateCore/Public/Application /Users/Shared/UnrealEngine/4.5/Engine/Source/Runtime/SlateCore/Public/Brushes /Users/Shared/UnrealEngine/4.5/Engine/Source/Runtime/SlateCore/Public/Fonts /Users/Shared/UnrealEngine/4.5/Engine/Source/Runtime/SlateCore/Public/Input /Users/Shared/UnrealEngine/4.5/Engine/Source/Runtime/SlateCore/Public/Layout /Users/Shared/UnrealEngine/4.5/Engine/Source/Runtime/SlateCore/Public/Logging /Users/Shared/UnrealEngine/4.5/Engine/Source/Runtime/SlateCore/Public/Rendering /Users/Shared/UnrealEngine/4.5/Engine/Source/Runtime/SlateCore/Public/Sound /Users/Shared/UnrealEngine/4.5/Engine/Source/Runtime/SlateCore/Public/Styling /Users/Shared/UnrealEngine/4.5/Engine/Source/Runtime/SlateCore/Public/Textures /Users/Shared/UnrealEngine/4.5/Engine/Source/Runtime/SlateCore/Public/Types /Users/Shared/UnrealEngine/4.5/Engine/Source/Runtime/SlateCore/Public/Widgets /Users/Shared/UnrealEngine/4.5/Engine/Source/Runtime/SlateCore /Users/Shared/UnrealEngine/4.5/Engine/Source/Runtime/Slate /Users/Shared/UnrealEngine/4.5/Engine/Intermediate/Build/Mac/Inc/Messaging /Users/Shared/UnrealEngine/4.5/Engine/Source/Runtime/Messaging/Public /Users/Shared/UnrealEngine/4.5/Engine/Source/Runtime/Messaging/Public/Common /Users/Shared/UnrealEngine/4.5/Engine/Source/Runtime/Messaging/Public/Interfaces /Users/Shared/UnrealEngine/4.5/Engine/Source/Runtime/Messaging /Users/Shared/UnrealEngine/4.5/Engine/Intermediate/Build/Mac/Inc/RenderCore /Users/Shared/UnrealEngine/4.5/Engine/Source/Runtime/RenderCore/Public /Users/Shared/UnrealEngine/4.5/Engine/Source/Runtime/RenderCore /Users/Shared/UnrealEngine/4.5/Engine/Intermediate/Build/Mac/Inc/RHI /Users/Shared/UnrealEngine/4.5/Engine/Source/Runtime/RHI/Public /Users/Shared/UnrealEngine/4.5/Engine/Source/Runtime/RHI /Users/Shared/UnrealEngine/4.5/Engine/Intermediate/Build/Mac/Inc/ShaderCore /Users/Shared/UnrealEngine/4.5/Engine/Source/Runtime/ShaderCore/Public /Users/Shared/UnrealEngine/4.5/Engine/Source/Runtime/ShaderCore /Users/Shared/UnrealEngine/4.5/Engine/Intermediate/Build/Mac/Inc/AssetRegistry /Users/Shared/UnrealEngine/4.5/Engine/Source/Runtime/AssetRegistry/Public /Users/Shared/UnrealEngine/4.5/Engine/Source/Runtime/AssetRegistry /Users/Shared/UnrealEngine/4.5/Engine/Source/Runtime/EngineMessages/Classes /Users/Shared/UnrealEngine/4.5/Engine/Intermediate/Build/Mac/Inc/EngineMessages /Users/Shared/UnrealEngine/4.5/Engine/Source/Runtime/EngineMessages/Public /Users/Shared/UnrealEngine/4.5/Engine/Source/Runtime/EngineMessages /Users/Shared/UnrealEngine/4.5/Engine/Source/Runtime/EngineSettings/Classes /Users/Shared/UnrealEngine/4.5/Engine/Intermediate/Build/Mac/Inc/EngineSettings /Users/Shared/UnrealEngine/4.5/Engine/Source/Runtime/EngineSettings/Public /Users/Shared/UnrealEngine/4.5/Engine/Source/Runtime/EngineSettings /Users/Shared/UnrealEngine/4.5/Engine/Intermediate/Build/Mac/Inc/SynthBenchmark /Users/Shared/UnrealEngine/4.5/Engine/Source/Developer/SynthBenchmark/Public /Users/Shared/UnrealEngine/4.5/Engine/Intermediate/Build/Mac/Inc/Renderer /Users/Shared/UnrealEngine/4.5/Engine/Source/Runtime/Renderer/Public /Users/Shared/UnrealEngine/4.5/Engine/Source/Runtime/Renderer /Users/Shared/UnrealEngine/4.5/Engine/Source/Developer/SynthBenchmark /Users/Shared/UnrealEngine/4.5/Engine/Source/Runtime/AIModule/Public /Users/Shared/UnrealEngine/4.5/Engine/Source/Runtime/AIModule/Classes /Users/Shared/UnrealEngine/4.5/Engine/Intermediate/Build/Mac/Inc/AIModule /Users/Shared/UnrealEngine/4.5/Engine/Source/Runtime/AIModule /Users/Shared/UnrealEngine/4.5/Engine/Source/Runtime/Engine Source/MyProject7 Intermediate/Build/Mac/Inc/MyProject7 /Users/Shared/UnrealEngine/4.5/Engine/Source/Programs/UnrealLightmass/Public /Users/Shared/UnrealEngine/4.5/Engine/Source/Editor/UnrealEd/Classes /Users/Shared/UnrealEngine/4.5/Engine/Intermediate/Build/Mac/Inc/UnrealEd /Users/Shared/UnrealEngine/4.5/Engine/Source/Editor/UnrealEd/Public /Users/Shared/UnrealEngine/4.5/Engine/Source/Editor/UnrealEd/Public/Commandlets /Users/Shared/UnrealEngine/4.5/Engine/Source/Editor/UnrealEd/Public/Dialogs /Users/Shared/UnrealEngine/4.5/Engine/Source/Editor/UnrealEd/Public/DragAndDrop /Users/Shared/UnrealEngine/4.5/Engine/Source/Editor/UnrealEd/Public/Features /Users/Shared/UnrealEngine/4.5/Engine/Source/Editor/UnrealEd/Public/Kismet2 /Users/Shared/UnrealEngine/4.5/Engine/Source/Editor/UnrealEd/Public/Layers /Users/Shared/UnrealEngine/4.5/Engine/Source/Editor/UnrealEd/Public/Tests /Users/Shared/UnrealEngine/4.5/Engine/Source/Editor/UnrealEd/Public/Toolkits /Users/Shared/UnrealEngine/4.5/Engine/Intermediate/Build/Mac/Inc/BspMode /Users/Shared/UnrealEngine/4.5/Engine/Source/Editor/BspMode/Public /Users/Shared/UnrealEngine/4.5/Engine/Source/Editor/BspMode /Users/Shared/UnrealEngine/4.5/Engine/Intermediate/Build/Mac/Inc/Documentation /Users/Shared/UnrealEngine/4.5/Engine/Source/Editor/Documentation/Public /Users/Shared/UnrealEngine/4.5/Engine/Source/Editor/Documentation /Users/Shared/UnrealEngine/4.5/Engine/Intermediate/Build/Mac/Inc/Projects /Users/Shared/UnrealEngine/4.5/Engine/Source/Runtime/Projects/Public /Users/Shared/UnrealEngine/4.5/Engine/Source/Runtime/Projects/Public/Interfaces /Users/Shared/UnrealEngine/4.5/Engine/Source/Runtime/Projects /Users/Shared/UnrealEngine/4.5/Engine/Intermediate/Build/Mac/Inc/SandboxFile /Users/Shared/UnrealEngine/4.5/Engine/Source/Runtime/SandboxFile/Public /Users/Shared/UnrealEngine/4.5/Engine/Source/Runtime/SandboxFile /Users/Shared/UnrealEngine/4.5/Engine/Intermediate/Build/Mac/Inc/EditorStyle /Users/Shared/UnrealEngine/4.5/Engine/Source/Editor/EditorStyle/Public /Users/Shared/UnrealEngine/4.5/Engine/Source/Editor/EditorStyle/Public/Classes /Users/Shared/UnrealEngine/4.5/Engine/Source/Editor/EditorStyle/Public/Interfaces /Users/Shared/UnrealEngine/4.5/Engine/Source/Editor/EditorStyle /Users/Shared/UnrealEngine/4.5/Engine/Intermediate/Build/Mac/Inc/SourceControl /Users/Shared/UnrealEngine/4.5/Engine/Source/Developer/SourceControl/Public /Users/Shared/UnrealEngine/4.5/Engine/Source/Developer/SourceControl/Public/Tests /Users/Shared/UnrealEngine/4.5/Engine/Source/Developer/SourceControl /Users/Shared/UnrealEngine/4.5/Engine/Source/Editor/UnrealEdMessages/Classes /Users/Shared/UnrealEngine/4.5/Engine/Intermediate/Build/Mac/Inc/UnrealEdMessages /Users/Shared/UnrealEngine/4.5/Engine/Source/Editor/UnrealEdMessages/Public /Users/Shared/UnrealEngine/4.5/Engine/Source/Editor/UnrealEdMessages /Users/Shared/UnrealEngine/4.5/Engine/Source/Editor/BlueprintGraph/Classes /Users/Shared/UnrealEngine/4.5/Engine/Intermediate/Build/Mac/Inc/BlueprintGraph /Users/Shared/UnrealEngine/4.5/Engine/Source/Editor/BlueprintGraph/Public /Users/Shared/UnrealEngine/4.5/Engine/Source/Editor/BlueprintGraph /Users/Shared/UnrealEngine/4.5/Engine/Intermediate/Build/Mac/Inc/UserFeedback /Users/Shared/UnrealEngine/4.5/Engine/Source/Editor/UserFeedback/Public /Users/Shared/UnrealEngine/4.5/Engine/Source/Editor/UserFeedback /Users/Shared/UnrealEngine/4.5/Engine/Intermediate/Build/Mac/Inc/CollectionManager /Users/Shared/UnrealEngine/4.5/Engine/Source/Developer/CollectionManager/Public /Users/Shared/UnrealEngine/4.5/Engine/Source/Developer/CollectionManager /Users/Shared/UnrealEngine/4.5/Engine/Source/Editor/UnrealEd /Users/Shared/UnrealEngine/4.5/Engine/Source/Editor/Kismet/Classes /Users/Shared/UnrealEngine/4.5/Engine/Intermediate/Build/Mac/Inc/Kismet /Users/Shared/UnrealEngine/4.5/Engine/Source/Editor/Kismet/Public /Users/Shared/UnrealEngine/4.5/Engine/Source/Editor/Kismet/Public/WorkflowOrientedApp /Users/Shared/UnrealEngine/4.5/Engine/Source/Editor/Kismet";
				USE_HEADERMAP = NO;
			};
			name = Shipping;
		};
		6028181650C886C91A9FBED0 /* DebugGame */ = {
			isa = XCBuildConfiguration;
			buildSettings = {
				COMBINE_HIDPI_IMAGES = YES;
				CONFIGURATION_BUILD_DIR = Engine/Binaries/IOS/Payload;
				GCC_PRECOMPILE_PREFIX_HEADER = YES;
				GCC_PREFIX_HEADER = /Users/Shared/UnrealEngine/4.5/Engine/Source/Editor/UnrealEd/Public/UnrealEd.h;
				IPHONEOS_DEPLOYMENT_TARGET = 6.0;
				MACOSX_DEPLOYMENT_TARGET = 10.9;
				"PRODUCT_NAME[sdk=iphoneos*]" = "$(TARGET_NAME)";
				"PRODUCT_NAME[sdk=iphonesimulator*]" = "$(TARGET_NAME)-simulator";
				"PRODUCT_NAME[sdk=macosx*]" = "$(TARGET_NAME)";
				SDKROOT = macosx;
				"SDKROOT[arch=arm*]" = iphoneos;
				"SDKROOT[arch=x86_64]" = macosx;
				SUPPORTED_PLATFORMS = "macosx iphoneos iphonesimulator";
				TARGETED_DEVICE_FAMILY = "1,2";
				VALID_ARCHS = "x86_64 arm64 armv7 armv7s";
			};
			name = DebugGame;
		};
		7A3B692D8EC585BB3FD0F8FD /* Shipping */ = {
			isa = XCBuildConfiguration;
			buildSettings = {
				COMBINE_HIDPI_IMAGES = YES;
				CONFIGURATION_BUILD_DIR = Engine/Binaries/IOS/Payload;
				GCC_PRECOMPILE_PREFIX_HEADER = YES;
				GCC_PREFIX_HEADER = /Users/Shared/UnrealEngine/4.5/Engine/Source/Editor/UnrealEd/Public/UnrealEd.h;
				IPHONEOS_DEPLOYMENT_TARGET = 6.0;
				MACOSX_DEPLOYMENT_TARGET = 10.9;
				"PRODUCT_NAME[sdk=iphoneos*]" = "$(TARGET_NAME)";
				"PRODUCT_NAME[sdk=iphonesimulator*]" = "$(TARGET_NAME)-simulator";
				"PRODUCT_NAME[sdk=macosx*]" = "$(TARGET_NAME)";
				SDKROOT = macosx;
				"SDKROOT[arch=arm*]" = iphoneos;
				"SDKROOT[arch=x86_64]" = macosx;
				SUPPORTED_PLATFORMS = "macosx iphoneos iphonesimulator";
				TARGETED_DEVICE_FAMILY = "1,2";
				VALID_ARCHS = "x86_64 arm64 armv7 armv7s";
			};
			name = Shipping;
		};
		8CA5EF6672C374DB7D05FB2D /* Development */ = {
			isa = XCBuildConfiguration;
			buildSettings = {
				COMBINE_HIDPI_IMAGES = YES;
				CONFIGURATION_BUILD_DIR = Engine/Binaries/IOS/Payload;
				GCC_PRECOMPILE_PREFIX_HEADER = YES;
				GCC_PREFIX_HEADER = /Users/Shared/UnrealEngine/4.5/Engine/Source/Editor/UnrealEd/Public/UnrealEd.h;
				IPHONEOS_DEPLOYMENT_TARGET = 6.0;
				MACOSX_DEPLOYMENT_TARGET = 10.9;
				"PRODUCT_NAME[sdk=iphoneos*]" = "$(TARGET_NAME)";
				"PRODUCT_NAME[sdk=iphonesimulator*]" = "$(TARGET_NAME)-simulator";
				"PRODUCT_NAME[sdk=macosx*]" = "$(TARGET_NAME)";
				SDKROOT = macosx;
				"SDKROOT[arch=arm*]" = iphoneos;
				"SDKROOT[arch=x86_64]" = macosx;
				SUPPORTED_PLATFORMS = "macosx iphoneos iphonesimulator";
				TARGETED_DEVICE_FAMILY = "1,2";
				VALID_ARCHS = "x86_64 arm64 armv7 armv7s";
			};
			name = Development;
		};
		946A116CFB87339CF0E95285 /* Shipping */ = {
			isa = XCBuildConfiguration;
			buildSettings = {
				COMBINE_HIDPI_IMAGES = YES;
				CONFIGURATION_BUILD_DIR = Engine/Binaries/IOS/Payload;
				GCC_PRECOMPILE_PREFIX_HEADER = YES;
				GCC_PREFIX_HEADER = /Users/Shared/UnrealEngine/4.5/Engine/Source/Editor/UnrealEd/Public/UnrealEd.h;
				IPHONEOS_DEPLOYMENT_TARGET = 6.0;
				MACOSX_DEPLOYMENT_TARGET = 10.9;
				"PRODUCT_NAME[sdk=iphoneos*]" = "$(TARGET_NAME)";
				"PRODUCT_NAME[sdk=iphonesimulator*]" = "$(TARGET_NAME)-simulator";
				"PRODUCT_NAME[sdk=macosx*]" = "$(TARGET_NAME)";
				SDKROOT = macosx;
				"SDKROOT[arch=arm*]" = iphoneos;
				"SDKROOT[arch=x86_64]" = macosx;
				SUPPORTED_PLATFORMS = "macosx iphoneos iphonesimulator";
				TARGETED_DEVICE_FAMILY = "1,2";
				VALID_ARCHS = "x86_64 arm64 armv7 armv7s";
			};
			name = Shipping;
		};
		A4D012BA00E942CE3E13ED28 /* Development */ = {
			isa = XCBuildConfiguration;
			buildSettings = {
				COMBINE_HIDPI_IMAGES = YES;
				GCC_PRECOMPILE_PREFIX_HEADER = YES;
				GCC_PREFIX_HEADER = /Users/Shared/UnrealEngine/4.5/Engine/Source/Editor/UnrealEd/Public/UnrealEd.h;
				MACOSX_DEPLOYMENT_TARGET = 10.9;
				PRODUCT_NAME = "$(TARGET_NAME)";
				SDKROOT = macosx;
				VALID_ARCHS = x86_64;
			};
			name = Development;
		};
		A642C9A4EACF852E707BE498 /* DebugGame */ = {
			isa = XCBuildConfiguration;
			buildSettings = {
				COMBINE_HIDPI_IMAGES = YES;
				GCC_PRECOMPILE_PREFIX_HEADER = YES;
				GCC_PREFIX_HEADER = /Users/Shared/UnrealEngine/4.5/Engine/Source/Editor/UnrealEd/Public/UnrealEd.h;
				MACOSX_DEPLOYMENT_TARGET = 10.9;
				PRODUCT_NAME = "$(TARGET_NAME)";
				SDKROOT = macosx;
				VALID_ARCHS = x86_64;
			};
			name = DebugGame;
		};
		B03F597AB2B51615D8B0AFF4 /* Development */ = {
			isa = XCBuildConfiguration;
			buildSettings = {
				"CODE_SIGN_IDENTITY[sdk=iphoneos*]" = "iPhone Developer";
				CODE_SIGN_RESOURCE_RULES_PATH = /Users/Shared/UnrealEngine/4.5/Engine/Build/iOS/XcodeSupportFiles/CustomResourceRules.plist;
				CONFIGURATION_BUILD_DIR = "/Users/skas/Documents/Unreal Projects/MyProject7/Binaries/IOS/Payload";
				GCC_PREPROCESSOR_DEFINITIONS = "";
				HEADER_SEARCH_PATHS = "";
				INFOPLIST_FILE = "/Users/skas/Documents/Unreal Projects/MyProject7/Intermediate/IOS/MyProject7-Info.plist";
				INFOPLIST_OUTPUT_FORMAT = xml;
				IPHONEOS_DEPLOYMENT_TARGET = 6.0;
				OBJROOT = "/Users/skas/Documents/Unreal Projects/MyProject7/Intermediate/IOS/build";
				"PRODUCT_NAME[sdk=iphoneos*]" = MyProject7;
				"PRODUCT_NAME[sdk=iphonesimulator*]" = "MyProject7-simulator";
				"PROVISIONING_PROFILE[sdk=iphoneos*]" = "";
				SDKROOT = iphoneos;
				SUPPORTED_PLATFORMS = "iphoneos iphonesimulator";
				SYMROOT = "/Users/skas/Documents/Unreal Projects/MyProject7/Binaries/IOS";
				TARGETED_DEVICE_FAMILY = "1,2";
				USER_HEADER_SEARCH_PATHS = "";
			};
			name = Development;
		};
		B9DA2287E06D554F82C141CF /* Development */ = {
			isa = XCBuildConfiguration;
			buildSettings = {
				COMBINE_HIDPI_IMAGES = YES;
				CONFIGURATION_BUILD_DIR = Engine/Binaries/IOS/Payload;
				GCC_PRECOMPILE_PREFIX_HEADER = YES;
				GCC_PREFIX_HEADER = /Users/Shared/UnrealEngine/4.5/Engine/Source/Editor/UnrealEd/Public/UnrealEd.h;
				IPHONEOS_DEPLOYMENT_TARGET = 6.0;
				MACOSX_DEPLOYMENT_TARGET = 10.9;
				"PRODUCT_NAME[sdk=iphoneos*]" = "$(TARGET_NAME)";
				"PRODUCT_NAME[sdk=iphonesimulator*]" = "$(TARGET_NAME)-simulator";
				"PRODUCT_NAME[sdk=macosx*]" = "$(TARGET_NAME)";
				SDKROOT = macosx;
				"SDKROOT[arch=arm*]" = iphoneos;
				"SDKROOT[arch=x86_64]" = macosx;
				SUPPORTED_PLATFORMS = "macosx iphoneos iphonesimulator";
				TARGETED_DEVICE_FAMILY = "1,2";
				VALID_ARCHS = "x86_64 arm64 armv7 armv7s";
			};
			name = Development;
		};
		CB393D8791A3E41315F82216 /* DebugGame */ = {
			isa = XCBuildConfiguration;
			buildSettings = {
				ALWAYS_SEARCH_USER_PATHS = NO;
				CLANG_CXX_LANGUAGE_STANDARD = "c++0x";
				GCC_ENABLE_CPP_RTTI = NO;
				GCC_PREPROCESSOR_DEFINITIONS = (
					"UE_GAME=1",
					"IS_PROGRAM=0",
					"UE_ROCKET=1",
					UNICODE,
					_UNICODE,
					__UNREAL__,
					"IS_MONOLITHIC=1",
					"WITH_ENGINE=1",
					"WITH_UNREAL_DEVELOPER_TOOLS=0",
					"WITH_COREUOBJECT=1",
					"USE_STATS_WITHOUT_ENGINE=0",
					"WITH_PLUGIN_SUPPORT=0",
					"USE_LOGGING_IN_SHIPPING=0",
					"UE_BUILD_MINIMAL=1",
					"WITH_EDITOR=1",
					"WITH_EDITORONLY_DATA=1",
					"WITH_SERVER_CODE=1",
					"UBT_COMPILED_PLATFORM=Mac",
					"PLATFORM_MAC=1",
					"PLATFORM_APPLE=1",
					"WITH_TTS=0",
					"WITH_SPEECH_RECOGNITION=0",
					"WITH_DATABASE_SUPPORT=0",
					"NDEBUG=1",
					"UE_BUILD_DEVELOPMENT=1",
					"UE_PROJECT_NAME=MyProject7",
					"MYPROJECT7_API=",
					"UE_ENABLE_ICU=1",
					"WITH_STEAMWORKS=0",
					"WITH_DIRECTXMATH=0",
					"CORE_API=",
					"COREUOBJECT_API=",
					"WITH_PHYSX=1",
					"WITH_APEX=1",
					WITH_RUNTIME_PHYSICS_COOKING,
					"WITH_BOX2D=0",
					"WITH_RECAST=1",
					"ENGINE_API=",
					"WITH_FREETYPE=1",
					"SLATE_API=",
					"INPUTCORE_API=",
					"SLATECORE_API=",
					"MESSAGING_API=",
					"RENDERCORE_API=",
					"RHI_API=",
					"SHADERCORE_API=",
					"ASSETREGISTRY_API=",
					"ENGINEMESSAGES_API=",
					"ENGINESETTINGS_API=",
					"SYNTHBENCHMARK_API=",
					"RENDERER_API=",
					"AIMODULE_API=",
					"UE_EDITOR=1",
					"UNREALED_API=",
					"BSPMODE_API=",
					"DOCUMENTATION_API=",
					"PROJECTS_API=",
					"SANDBOXFILE_API=",
					"EDITORSTYLE_API=",
					"SOURCECONTROL_API=",
					"UNREALEDMESSAGES_API=",
					"BLUEPRINTGRAPH_API=",
					"USERFEEDBACK_API=",
					"COLLECTIONMANAGER_API=",
					"KISMET_API=",
					"MONOLITHIC_BUILD=1",
				);
				GCC_WARN_CHECK_SWITCH_STATEMENTS = NO;
				HEADER_SEARCH_PATHS = "";
				ONLY_ACTIVE_ARCH = NO;
				SDKROOT = macosx;
				SUPPORTED_PLATFORMS = macosx;
				SYMROOT = Intermediate/Build;
				USER_HEADER_SEARCH_PATHS = "/Users/Shared/UnrealEngine/4.5/Engine/Source Source Intermediate/Build/Mac/MyProject7/Inc/MyProject7 /Users/Shared/UnrealEngine/4.5/Engine/Source/Runtime/Core/Public /Users/Shared/UnrealEngine/4.5/Engine/Source/Runtime/Core/Public/Internationalization /Users/Shared/UnrealEngine/4.5/Engine/Source/Runtime/Core/Public/Async /Users/Shared/UnrealEngine/4.5/Engine/Source/Runtime/Core/Public/Concurrency /Users/Shared/UnrealEngine/4.5/Engine/Source/Runtime/Core/Public/Containers /Users/Shared/UnrealEngine/4.5/Engine/Source/Runtime/Core/Public/Delegates /Users/Shared/UnrealEngine/4.5/Engine/Source/Runtime/Core/Public/GenericPlatform /Users/Shared/UnrealEngine/4.5/Engine/Source/Runtime/Core/Public/HAL /Users/Shared/UnrealEngine/4.5/Engine/Source/Runtime/Core/Public/Logging /Users/Shared/UnrealEngine/4.5/Engine/Source/Runtime/Core/Public/Math /Users/Shared/UnrealEngine/4.5/Engine/Source/Runtime/Core/Public/Misc /Users/Shared/UnrealEngine/4.5/Engine/Source/Runtime/Core/Public/Modules /Users/Shared/UnrealEngine/4.5/Engine/Source/Runtime/Core/Public/Modules/Boilerplate /Users/Shared/UnrealEngine/4.5/Engine/Source/Runtime/Core/Public/ProfilingDebugging /Users/Shared/UnrealEngine/4.5/Engine/Source/Runtime/Core/Public/Serialization /Users/Shared/UnrealEngine/4.5/Engine/Source/Runtime/Core/Public/Serialization/Json /Users/Shared/UnrealEngine/4.5/Engine/Source/Runtime/Core/Public/Serialization/Csv /Users/Shared/UnrealEngine/4.5/Engine/Source/Runtime/Core/Public/Stats /Users/Shared/UnrealEngine/4.5/Engine/Source/Runtime/Core/Public/Templates /Users/Shared/UnrealEngine/4.5/Engine/Source/Runtime/Core/Public/UObject /Users/Shared/UnrealEngine/4.5/Engine/Source/Runtime/Core/Public/Apple /Users/Shared/UnrealEngine/4.5/Engine/Source/Runtime/Core/Public/Mac /Users/Shared/UnrealEngine/4.5/Engine/Source/Runtime/Core /Users/Shared/UnrealEngine/4.5/Engine/Source/Runtime/CoreUObject/Classes /Users/Shared/UnrealEngine/4.5/Engine/Intermediate/Build/Mac/Inc/CoreUObject /Users/Shared/UnrealEngine/4.5/Engine/Source/Runtime/CoreUObject/Public /Users/Shared/UnrealEngine/4.5/Engine/Source/Runtime/CoreUObject/Public/Blueprint /Users/Shared/UnrealEngine/4.5/Engine/Source/Runtime/CoreUObject/Public/Misc /Users/Shared/UnrealEngine/4.5/Engine/Source/Runtime/CoreUObject/Public/Serialization /Users/Shared/UnrealEngine/4.5/Engine/Source/Runtime/CoreUObject/Public/Templates /Users/Shared/UnrealEngine/4.5/Engine/Source/Runtime/CoreUObject/Public/UObject /Users/Shared/UnrealEngine/4.5/Engine/Source/Runtime/CoreUObject /Users/Shared/UnrealEngine/4.5/Engine/Source/Runtime/Engine/Classes /Users/Shared/UnrealEngine/4.5/Engine/Intermediate/Build/Mac/Inc/Engine /Users/Shared/UnrealEngine/4.5/Engine/Source/Runtime/Engine/Public /Users/Shared/UnrealEngine/4.5/Engine/Source/Runtime/Engine/Public/AI /Users/Shared/UnrealEngine/4.5/Engine/Source/Runtime/Engine/Public/EdGraph /Users/Shared/UnrealEngine/4.5/Engine/Source/Runtime/Engine/Public/Features /Users/Shared/UnrealEngine/4.5/Engine/Source/Runtime/Engine/Public/Landscape /Users/Shared/UnrealEngine/4.5/Engine/Source/Runtime/Engine/Public/Net /Users/Shared/UnrealEngine/4.5/Engine/Source/Runtime/Engine/Public/Slate /Users/Shared/UnrealEngine/4.5/Engine/Source/Runtime/Engine/Public/Tests /Users/Shared/UnrealEngine/4.5/Engine/Source/Runtime/Engine/Public/AI/Navigation /Users/Shared/UnrealEngine/4.5/Engine/Intermediate/Build/Mac/Inc/Slate /Users/Shared/UnrealEngine/4.5/Engine/Source/Runtime/Slate/Public /Users/Shared/UnrealEngine/4.5/Engine/Source/Runtime/Slate/Public/Framework /Users/Shared/UnrealEngine/4.5/Engine/Source/Runtime/Slate/Public/Widgets /Users/Shared/UnrealEngine/4.5/Engine/Source/Runtime/Slate/Public/Framework/Application /Users/Shared/UnrealEngine/4.5/Engine/Source/Runtime/Slate/Public/Framework/Commands /Users/Shared/UnrealEngine/4.5/Engine/Source/Runtime/Slate/Public/Framework/Docking /Users/Shared/UnrealEngine/4.5/Engine/Source/Runtime/Slate/Public/Framework/Layout /Users/Shared/UnrealEngine/4.5/Engine/Source/Runtime/Slate/Public/Framework/MultiBox /Users/Shared/UnrealEngine/4.5/Engine/Source/Runtime/Slate/Public/Framework/Notifications /Users/Shared/UnrealEngine/4.5/Engine/Source/Runtime/Slate/Public/Framework/Styling /Users/Shared/UnrealEngine/4.5/Engine/Source/Runtime/Slate/Public/Framework/Text /Users/Shared/UnrealEngine/4.5/Engine/Source/Runtime/Slate/Public/Framework/Views /Users/Shared/UnrealEngine/4.5/Engine/Source/Runtime/Slate/Public/Framework/Text/IOS /Users/Shared/UnrealEngine/4.5/Engine/Source/Runtime/Slate/Public/Widgets/Colors /Users/Shared/UnrealEngine/4.5/Engine/Source/Runtime/Slate/Public/Widgets/Docking /Users/Shared/UnrealEngine/4.5/Engine/Source/Runtime/Slate/Public/Widgets/Images /Users/Shared/UnrealEngine/4.5/Engine/Source/Runtime/Slate/Public/Widgets/Input /Users/Shared/UnrealEngine/4.5/Engine/Source/Runtime/Slate/Public/Widgets/Layout /Users/Shared/UnrealEngine/4.5/Engine/Source/Runtime/Slate/Public/Widgets/Navigation /Users/Shared/UnrealEngine/4.5/Engine/Source/Runtime/Slate/Public/Widgets/Notifications /Users/Shared/UnrealEngine/4.5/Engine/Source/Runtime/Slate/Public/Widgets/Text /Users/Shared/UnrealEngine/4.5/Engine/Source/Runtime/Slate/Public/Widgets/Views /Users/Shared/UnrealEngine/4.5/Engine/Source/Runtime/InputCore/Classes /Users/Shared/UnrealEngine/4.5/Engine/Intermediate/Build/Mac/Inc/InputCore /Users/Shared/UnrealEngine/4.5/Engine/Source/Runtime/InputCore/Public /Users/Shared/UnrealEngine/4.5/Engine/Source/Runtime/InputCore /Users/Shared/UnrealEngine/4.5/Engine/Intermediate/Build/Mac/Inc/SlateCore /Users/Shared/UnrealEngine/4.5/Engine/Source/Runtime/SlateCore/Public /Users/Shared/UnrealEngine/4.5/Engine/Source/Runtime/SlateCore/Public/Animation /Users/Shared/UnrealEngine/4.5/Engine/Source/Runtime/SlateCore/Public/Application /Users/Shared/UnrealEngine/4.5/Engine/Source/Runtime/SlateCore/Public/Brushes /Users/Shared/UnrealEngine/4.5/Engine/Source/Runtime/SlateCore/Public/Fonts /Users/Shared/UnrealEngine/4.5/Engine/Source/Runtime/SlateCore/Public/Input /Users/Shared/UnrealEngine/4.5/Engine/Source/Runtime/SlateCore/Public/Layout /Users/Shared/UnrealEngine/4.5/Engine/Source/Runtime/SlateCore/Public/Logging /Users/Shared/UnrealEngine/4.5/Engine/Source/Runtime/SlateCore/Public/Rendering /Users/Shared/UnrealEngine/4.5/Engine/Source/Runtime/SlateCore/Public/Sound /Users/Shared/UnrealEngine/4.5/Engine/Source/Runtime/SlateCore/Public/Styling /Users/Shared/UnrealEngine/4.5/Engine/Source/Runtime/SlateCore/Public/Textures /Users/Shared/UnrealEngine/4.5/Engine/Source/Runtime/SlateCore/Public/Types /Users/Shared/UnrealEngine/4.5/Engine/Source/Runtime/SlateCore/Public/Widgets /Users/Shared/UnrealEngine/4.5/Engine/Source/Runtime/SlateCore /Users/Shared/UnrealEngine/4.5/Engine/Source/Runtime/Slate /Users/Shared/UnrealEngine/4.5/Engine/Intermediate/Build/Mac/Inc/Messaging /Users/Shared/UnrealEngine/4.5/Engine/Source/Runtime/Messaging/Public /Users/Shared/UnrealEngine/4.5/Engine/Source/Runtime/Messaging/Public/Common /Users/Shared/UnrealEngine/4.5/Engine/Source/Runtime/Messaging/Public/Interfaces /Users/Shared/UnrealEngine/4.5/Engine/Source/Runtime/Messaging /Users/Shared/UnrealEngine/4.5/Engine/Intermediate/Build/Mac/Inc/RenderCore /Users/Shared/UnrealEngine/4.5/Engine/Source/Runtime/RenderCore/Public /Users/Shared/UnrealEngine/4.5/Engine/Source/Runtime/RenderCore /Users/Shared/UnrealEngine/4.5/Engine/Intermediate/Build/Mac/Inc/RHI /Users/Shared/UnrealEngine/4.5/Engine/Source/Runtime/RHI/Public /Users/Shared/UnrealEngine/4.5/Engine/Source/Runtime/RHI /Users/Shared/UnrealEngine/4.5/Engine/Intermediate/Build/Mac/Inc/ShaderCore /Users/Shared/UnrealEngine/4.5/Engine/Source/Runtime/ShaderCore/Public /Users/Shared/UnrealEngine/4.5/Engine/Source/Runtime/ShaderCore /Users/Shared/UnrealEngine/4.5/Engine/Intermediate/Build/Mac/Inc/AssetRegistry /Users/Shared/UnrealEngine/4.5/Engine/Source/Runtime/AssetRegistry/Public /Users/Shared/UnrealEngine/4.5/Engine/Source/Runtime/AssetRegistry /Users/Shared/UnrealEngine/4.5/Engine/Source/Runtime/EngineMessages/Classes /Users/Shared/UnrealEngine/4.5/Engine/Intermediate/Build/Mac/Inc/EngineMessages /Users/Shared/UnrealEngine/4.5/Engine/Source/Runtime/EngineMessages/Public /Users/Shared/UnrealEngine/4.5/Engine/Source/Runtime/EngineMessages /Users/Shared/UnrealEngine/4.5/Engine/Source/Runtime/EngineSettings/Classes /Users/Shared/UnrealEngine/4.5/Engine/Intermediate/Build/Mac/Inc/EngineSettings /Users/Shared/UnrealEngine/4.5/Engine/Source/Runtime/EngineSettings/Public /Users/Shared/UnrealEngine/4.5/Engine/Source/Runtime/EngineSettings /Users/Shared/UnrealEngine/4.5/Engine/Intermediate/Build/Mac/Inc/SynthBenchmark /Users/Shared/UnrealEngine/4.5/Engine/Source/Developer/SynthBenchmark/Public /Users/Shared/UnrealEngine/4.5/Engine/Intermediate/Build/Mac/Inc/Renderer /Users/Shared/UnrealEngine/4.5/Engine/Source/Runtime/Renderer/Public /Users/Shared/UnrealEngine/4.5/Engine/Source/Runtime/Renderer /Users/Shared/UnrealEngine/4.5/Engine/Source/Developer/SynthBenchmark /Users/Shared/UnrealEngine/4.5/Engine/Source/Runtime/AIModule/Public /Users/Shared/UnrealEngine/4.5/Engine/Source/Runtime/AIModule/Classes /Users/Shared/UnrealEngine/4.5/Engine/Intermediate/Build/Mac/Inc/AIModule /Users/Shared/UnrealEngine/4.5/Engine/Source/Runtime/AIModule /Users/Shared/UnrealEngine/4.5/Engine/Source/Runtime/Engine Source/MyProject7 Intermediate/Build/Mac/Inc/MyProject7 /Users/Shared/UnrealEngine/4.5/Engine/Source/Programs/UnrealLightmass/Public /Users/Shared/UnrealEngine/4.5/Engine/Source/Editor/UnrealEd/Classes /Users/Shared/UnrealEngine/4.5/Engine/Intermediate/Build/Mac/Inc/UnrealEd /Users/Shared/UnrealEngine/4.5/Engine/Source/Editor/UnrealEd/Public /Users/Shared/UnrealEngine/4.5/Engine/Source/Editor/UnrealEd/Public/Commandlets /Users/Shared/UnrealEngine/4.5/Engine/Source/Editor/UnrealEd/Public/Dialogs /Users/Shared/UnrealEngine/4.5/Engine/Source/Editor/UnrealEd/Public/DragAndDrop /Users/Shared/UnrealEngine/4.5/Engine/Source/Editor/UnrealEd/Public/Features /Users/Shared/UnrealEngine/4.5/Engine/Source/Editor/UnrealEd/Public/Kismet2 /Users/Shared/UnrealEngine/4.5/Engine/Source/Editor/UnrealEd/Public/Layers /Users/Shared/UnrealEngine/4.5/Engine/Source/Editor/UnrealEd/Public/Tests /Users/Shared/UnrealEngine/4.5/Engine/Source/Editor/UnrealEd/Public/Toolkits /Users/Shared/UnrealEngine/4.5/Engine/Intermediate/Build/Mac/Inc/BspMode /Users/Shared/UnrealEngine/4.5/Engine/Source/Editor/BspMode/Public /Users/Shared/UnrealEngine/4.5/Engine/Source/Editor/BspMode /Users/Shared/UnrealEngine/4.5/Engine/Intermediate/Build/Mac/Inc/Documentation /Users/Shared/UnrealEngine/4.5/Engine/Source/Editor/Documentation/Public /Users/Shared/UnrealEngine/4.5/Engine/Source/Editor/Documentation /Users/Shared/UnrealEngine/4.5/Engine/Intermediate/Build/Mac/Inc/Projects /Users/Shared/UnrealEngine/4.5/Engine/Source/Runtime/Projects/Public /Users/Shared/UnrealEngine/4.5/Engine/Source/Runtime/Projects/Public/Interfaces /Users/Shared/UnrealEngine/4.5/Engine/Source/Runtime/Projects /Users/Shared/UnrealEngine/4.5/Engine/Intermediate/Build/Mac/Inc/SandboxFile /Users/Shared/UnrealEngine/4.5/Engine/Source/Runtime/SandboxFile/Public /Users/Shared/UnrealEngine/4.5/Engine/Source/Runtime/SandboxFile /Users/Shared/UnrealEngine/4.5/Engine/Intermediate/Build/Mac/Inc/EditorStyle /Users/Shared/UnrealEngine/4.5/Engine/Source/Editor/EditorStyle/Public /Users/Shared/UnrealEngine/4.5/Engine/Source/Editor/EditorStyle/Public/Classes /Users/Shared/UnrealEngine/4.5/Engine/Source/Editor/EditorStyle/Public/Interfaces /Users/Shared/UnrealEngine/4.5/Engine/Source/Editor/EditorStyle /Users/Shared/UnrealEngine/4.5/Engine/Intermediate/Build/Mac/Inc/SourceControl /Users/Shared/UnrealEngine/4.5/Engine/Source/Developer/SourceControl/Public /Users/Shared/UnrealEngine/4.5/Engine/Source/Developer/SourceControl/Public/Tests /Users/Shared/UnrealEngine/4.5/Engine/Source/Developer/SourceControl /Users/Shared/UnrealEngine/4.5/Engine/Source/Editor/UnrealEdMessages/Classes /Users/Shared/UnrealEngine/4.5/Engine/Intermediate/Build/Mac/Inc/UnrealEdMessages /Users/Shared/UnrealEngine/4.5/Engine/Source/Editor/UnrealEdMessages/Public /Users/Shared/UnrealEngine/4.5/Engine/Source/Editor/UnrealEdMessages /Users/Shared/UnrealEngine/4.5/Engine/Source/Editor/BlueprintGraph/Classes /Users/Shared/UnrealEngine/4.5/Engine/Intermediate/Build/Mac/Inc/BlueprintGraph /Users/Shared/UnrealEngine/4.5/Engine/Source/Editor/BlueprintGraph/Public /Users/Shared/UnrealEngine/4.5/Engine/Source/Editor/BlueprintGraph /Users/Shared/UnrealEngine/4.5/Engine/Intermediate/Build/Mac/Inc/UserFeedback /Users/Shared/UnrealEngine/4.5/Engine/Source/Editor/UserFeedback/Public /Users/Shared/UnrealEngine/4.5/Engine/Source/Editor/UserFeedback /Users/Shared/UnrealEngine/4.5/Engine/Intermediate/Build/Mac/Inc/CollectionManager /Users/Shared/UnrealEngine/4.5/Engine/Source/Developer/CollectionManager/Public /Users/Shared/UnrealEngine/4.5/Engine/Source/Developer/CollectionManager /Users/Shared/UnrealEngine/4.5/Engine/Source/Editor/UnrealEd /Users/Shared/UnrealEngine/4.5/Engine/Source/Editor/Kismet/Classes /Users/Shared/UnrealEngine/4.5/Engine/Intermediate/Build/Mac/Inc/Kismet /Users/Shared/UnrealEngine/4.5/Engine/Source/Editor/Kismet/Public /Users/Shared/UnrealEngine/4.5/Engine/Source/Editor/Kismet/Public/WorkflowOrientedApp /Users/Shared/UnrealEngine/4.5/Engine/Source/Editor/Kismet";
				USE_HEADERMAP = NO;
			};
			name = DebugGame;
		};
		CD2B4BAAD044778F03B18500 /* Development */ = {
			isa = XCBuildConfiguration;
			buildSettings = {
				ALWAYS_SEARCH_USER_PATHS = NO;
				BUNDLE_LOADER = Binaries/IOS/Payload/UE4CmdLineRun.app/UE4CmdLineRun;
				CLANG_CXX_LANGUAGE_STANDARD = "gnu++0x";
				CLANG_CXX_LIBRARY = "libc++";
				CLANG_ENABLE_MODULES = YES;
				CLANG_ENABLE_OBJC_ARC = YES;
				CODE_SIGN_IDENTITY = "iPhone Developer";
				CODE_SIGN_RESOURCE_RULES_PATH = /Users/Shared/UnrealEngine/4.5/Engine/Build/iOS/XcodeSupportFiles/CustomResourceRules.plist;
				CONFIGURATION_BUILD_DIR = Binaries/IOS/Payload;
				COPY_PHASE_STRIP = NO;
				DYNAMIC_NO_PIC = NO;
				FRAMEWORK_SEARCH_PATHS = (
					"$(SDKROOT)/Developer/Library/Frameworks",
					"$(inherited)",
					"$(DEVELOPER_FRAMEWORKS_DIR)",
				);
				GCC_C_LANGUAGE_STANDARD = gnu99;
				GCC_PRECOMPILE_PREFIX_HEADER = NO;
				GCC_PREPROCESSOR_DEFINITIONS = "";
				GCC_SYMBOLS_PRIVATE_EXTERN = NO;
				HEADER_SEARCH_PATHS = "";
				INFOPLIST_FILE = "/Users/Shared/UnrealEngine/4.5/Engine/Build/IOS/UE4CmdLineRun/UE4CmdLineRun-Info.plist";
				IPHONEOS_DEPLOYMENT_TARGET = 7.0;
				OBJROOT = Intermediate/IOS/build;
				ONLY_ACTIVE_ARCH = NO;
				OPTIMIZATION_LEVEL = 0;
				PRODUCT_NAME = "$(TARGET_NAME)";
				SDKROOT = iphoneos;
				SUPPORTED_PLATFORMS = "iphoneos iphonesimulator";
				SYMROOT = Binaries/IOS;
				TEST_HOST = "$(BUNDLE_LOADER)";
				USER_HEADER_SEARCH_PATHS = "";
				WRAPPER_EXTENSION = xctest;
			};
			name = Development;
		};
		D30D71E001591145B07C34E6 /* DebugGame */ = {
			isa = XCBuildConfiguration;
			buildSettings = {
				ALWAYS_SEARCH_USER_PATHS = NO;
				BUNDLE_LOADER = Binaries/IOS/Payload/UE4CmdLineRun.app/UE4CmdLineRun;
				CLANG_CXX_LANGUAGE_STANDARD = "gnu++0x";
				CLANG_CXX_LIBRARY = "libc++";
				CLANG_ENABLE_MODULES = YES;
				CLANG_ENABLE_OBJC_ARC = YES;
				CODE_SIGN_IDENTITY = "iPhone Developer";
				CODE_SIGN_RESOURCE_RULES_PATH = /Users/Shared/UnrealEngine/4.5/Engine/Build/iOS/XcodeSupportFiles/CustomResourceRules.plist;
				CONFIGURATION_BUILD_DIR = Binaries/IOS/Payload;
				COPY_PHASE_STRIP = NO;
				DYNAMIC_NO_PIC = NO;
				FRAMEWORK_SEARCH_PATHS = (
					"$(SDKROOT)/Developer/Library/Frameworks",
					"$(inherited)",
					"$(DEVELOPER_FRAMEWORKS_DIR)",
				);
				GCC_C_LANGUAGE_STANDARD = gnu99;
				GCC_PRECOMPILE_PREFIX_HEADER = NO;
				GCC_PREPROCESSOR_DEFINITIONS = "";
				GCC_SYMBOLS_PRIVATE_EXTERN = NO;
				HEADER_SEARCH_PATHS = "";
				INFOPLIST_FILE = "/Users/Shared/UnrealEngine/4.5/Engine/Build/IOS/UE4CmdLineRun/UE4CmdLineRun-Info.plist";
				IPHONEOS_DEPLOYMENT_TARGET = 7.0;
				OBJROOT = Intermediate/IOS/build;
				ONLY_ACTIVE_ARCH = NO;
				OPTIMIZATION_LEVEL = 0;
				PRODUCT_NAME = "$(TARGET_NAME)";
				SDKROOT = iphoneos;
				SUPPORTED_PLATFORMS = "iphoneos iphonesimulator";
				SYMROOT = Binaries/IOS;
				TEST_HOST = "$(BUNDLE_LOADER)";
				USER_HEADER_SEARCH_PATHS = "";
				WRAPPER_EXTENSION = xctest;
			};
			name = DebugGame;
		};
		DA2F44CA29214A2137DCF1B8 /* Shipping */ = {
			isa = XCBuildConfiguration;
			buildSettings = {
				"CODE_SIGN_IDENTITY[sdk=iphoneos*]" = "iPhone Developer";
				CODE_SIGN_RESOURCE_RULES_PATH = /Users/Shared/UnrealEngine/4.5/Engine/Build/iOS/XcodeSupportFiles/CustomResourceRules.plist;
				CONFIGURATION_BUILD_DIR = "/Users/skas/Documents/Unreal Projects/MyProject7/Binaries/IOS/Payload";
				GCC_PREPROCESSOR_DEFINITIONS = "";
				HEADER_SEARCH_PATHS = "";
				INFOPLIST_FILE = "/Users/skas/Documents/Unreal Projects/MyProject7/Intermediate/IOS/MyProject7-Info.plist";
				INFOPLIST_OUTPUT_FORMAT = xml;
				IPHONEOS_DEPLOYMENT_TARGET = 6.0;
				OBJROOT = "/Users/skas/Documents/Unreal Projects/MyProject7/Intermediate/IOS/build";
				"PRODUCT_NAME[sdk=iphoneos*]" = MyProject7;
				"PRODUCT_NAME[sdk=iphonesimulator*]" = "MyProject7-simulator";
				"PROVISIONING_PROFILE[sdk=iphoneos*]" = "";
				SDKROOT = iphoneos;
				SUPPORTED_PLATFORMS = "iphoneos iphonesimulator";
				SYMROOT = "/Users/skas/Documents/Unreal Projects/MyProject7/Binaries/IOS";
				TARGETED_DEVICE_FAMILY = "1,2";
				USER_HEADER_SEARCH_PATHS = "";
			};
			name = Shipping;
		};
/* End XCBuildConfiguration section */

/* Begin XCConfigurationList section */
		0F1C8B2C8EC6F456C28CBD39 /* Build configuration list for PBXProject "MyProject7" */ = {
			isa = XCConfigurationList;
			buildConfigurations = (
				CB393D8791A3E41315F82216 /* DebugGame */,
				3FA8A87A97F953207905EFD6 /* Development */,
				5AFC04FBD5F38228F027F30F /* Shipping */,
			);
			defaultConfigurationIsVisible = 0;
			defaultConfigurationName = Development;
		};
		2D19E2F2734BF246E70BD9BE /* Build configuration list for PBXNativeTarget "UE4XcodeHelper" */ = {
			isa = XCConfigurationList;
			buildConfigurations = (
				56F3EA26B079EBBD04D58035 /* DebugGame */,
				8CA5EF6672C374DB7D05FB2D /* Development */,
				946A116CFB87339CF0E95285 /* Shipping */,
			);
			defaultConfigurationIsVisible = 0;
			defaultConfigurationName = Development;
		};
		3B94DB3A25CD17AF074EA793 /* Build configuration list for PBXNativeTarget "MyProject7 - iOS" */ = {
			isa = XCConfigurationList;
			buildConfigurations = (
				3397B24CD189DA9D64548528 /* DebugGame */,
				B03F597AB2B51615D8B0AFF4 /* Development */,
				DA2F44CA29214A2137DCF1B8 /* Shipping */,
			);
			defaultConfigurationIsVisible = 0;
			defaultConfigurationName = Development;
		};
		6689F3FDD131EFF7580CDBF7 /* Build configuration list for PBXLegacyTarget "MyProject7 - Mac" */ = {
			isa = XCConfigurationList;
			buildConfigurations = (
				6028181650C886C91A9FBED0 /* DebugGame */,
				B9DA2287E06D554F82C141CF /* Development */,
				7A3B692D8EC585BB3FD0F8FD /* Shipping */,
			);
			defaultConfigurationIsVisible = 0;
			defaultConfigurationName = Development;
		};
		6C80F057548241D7663CECC5 /* Build configuration list for PBXNativeTarget "UE4CmdLineRun" */ = {
			isa = XCConfigurationList;
			buildConfigurations = (
				D30D71E001591145B07C34E6 /* DebugGame */,
				CD2B4BAAD044778F03B18500 /* Development */,
				2165E139F0A34D8E3CE54651 /* Shipping */,
			);
			defaultConfigurationIsVisible = 0;
			defaultConfigurationName = Development;
		};
		B6E3B10D4331CA89EC7F74CF /* Build configuration list for PBXLegacyTarget "MyProject7Editor - Mac" */ = {
			isa = XCConfigurationList;
			buildConfigurations = (
				A642C9A4EACF852E707BE498 /* DebugGame */,
				A4D012BA00E942CE3E13ED28 /* Development */,
				2543E95ABE6FE1549428744A /* Shipping */,
			);
			defaultConfigurationIsVisible = 0;
			defaultConfigurationName = Development;
		};
/* End XCConfigurationList section */
	};
	rootObject = F8EE3A7C52D9DFE2A62935E1 /* Project object */;
}
